// !$*UTF8*$!
{
	archiveVersion = 1;
	classes = {
	};
	objectVersion = 46;
	objects = {

/* Begin PBXBuildFile section */
		2C0B248E1AA76D1700BA81EE /* Crashlytics.framework in Frameworks */ = {isa = PBXBuildFile; fileRef = 2C0B248C1AA76D1700BA81EE /* Crashlytics.framework */; };
		2C0B248F1AA76D1700BA81EE /* Fabric.framework in Frameworks */ = {isa = PBXBuildFile; fileRef = 2C0B248D1AA76D1700BA81EE /* Fabric.framework */; };
		2C0B24D21AAB97EE00BA81EE /* ChooseGroupView.m in Sources */ = {isa = PBXBuildFile; fileRef = 2C0B24D11AAB97EE00BA81EE /* ChooseGroupView.m */; };
		2C0B24D51AAB9CC000BA81EE /* ImageLabelView.m in Sources */ = {isa = PBXBuildFile; fileRef = 2C0B24D41AAB9CC000BA81EE /* ImageLabelView.m */; };
		2C0B24D81AABA84E00BA81EE /* IRMatchServiceHandler.m in Sources */ = {isa = PBXBuildFile; fileRef = 2C0B24D71AABA84E00BA81EE /* IRMatchServiceHandler.m */; };
		2C0B24DB1AABB0C200BA81EE /* IRJsonToGroupParser.m in Sources */ = {isa = PBXBuildFile; fileRef = 2C0B24DA1AABB0C200BA81EE /* IRJsonToGroupParser.m */; };
		2C7138E21AA3C11D001D2582 /* InteractionsConversationsMenu.m in Sources */ = {isa = PBXBuildFile; fileRef = 2C7138E01AA3C11D001D2582 /* InteractionsConversationsMenu.m */; };
		2C7138F41AA65269001D2582 /* UIView+Animation.m in Sources */ = {isa = PBXBuildFile; fileRef = 2C7138F31AA65269001D2582 /* UIView+Animation.m */; };
		2C971E061AB21314005F2F42 /* MRInstallation.m in Sources */ = {isa = PBXBuildFile; fileRef = 2C971E051AB21314005F2F42 /* MRInstallation.m */; };
		2C971E091AB21C6D005F2F42 /* MRPush.m in Sources */ = {isa = PBXBuildFile; fileRef = 2C971E081AB21C6D005F2F42 /* MRPush.m */; };
		2CD275851A9BB13600F7D5CF /* IRImageViewDisplayer.m in Sources */ = {isa = PBXBuildFile; fileRef = 2CD275841A9BB13600F7D5CF /* IRImageViewDisplayer.m */; };
		2CD275881A9BB1F400F7D5CF /* IRAVAudioPlayer.m in Sources */ = {isa = PBXBuildFile; fileRef = 2CD275871A9BB1F400F7D5CF /* IRAVAudioPlayer.m */; };
		2CD2759A1A9BB32200F7D5CF /* MJRefreshBaseView.m in Sources */ = {isa = PBXBuildFile; fileRef = 2CD2758D1A9BB32200F7D5CF /* MJRefreshBaseView.m */; };
		2CD2759B1A9BB32200F7D5CF /* MJRefreshConst.m in Sources */ = {isa = PBXBuildFile; fileRef = 2CD2758F1A9BB32200F7D5CF /* MJRefreshConst.m */; };
		2CD2759C1A9BB32200F7D5CF /* MJRefreshFooterView.m in Sources */ = {isa = PBXBuildFile; fileRef = 2CD275911A9BB32200F7D5CF /* MJRefreshFooterView.m */; };
		2CD2759D1A9BB32200F7D5CF /* MJRefreshHeaderView.m in Sources */ = {isa = PBXBuildFile; fileRef = 2CD275931A9BB32200F7D5CF /* MJRefreshHeaderView.m */; };
		2CD2759E1A9BB32200F7D5CF /* libmp3lame.a in Frameworks */ = {isa = PBXBuildFile; fileRef = 2CD275961A9BB32200F7D5CF /* libmp3lame.a */; };
		2CD2759F1A9BB32200F7D5CF /* Mp3Recorder.m in Sources */ = {isa = PBXBuildFile; fileRef = 2CD275981A9BB32200F7D5CF /* Mp3Recorder.m */; };
		2CD275A21A9BB38100F7D5CF /* IRInputFunctionView.m in Sources */ = {isa = PBXBuildFile; fileRef = 2CD275A11A9BB38100F7D5CF /* IRInputFunctionView.m */; };
		2CD275A51A9BB4B100F7D5CF /* IRProgressHUD.m in Sources */ = {isa = PBXBuildFile; fileRef = 2CD275A41A9BB4B100F7D5CF /* IRProgressHUD.m */; };
		2CD275A91A9BB5A100F7D5CF /* NSDate+Utils.m in Sources */ = {isa = PBXBuildFile; fileRef = 2CD275A81A9BB5A100F7D5CF /* NSDate+Utils.m */; };
		2CD275AC1A9BC1F200F7D5CF /* IRMessage.m in Sources */ = {isa = PBXBuildFile; fileRef = 2CD275AB1A9BC1F200F7D5CF /* IRMessage.m */; };
		2CD275AF1A9BC30700F7D5CF /* IRMessageCell.m in Sources */ = {isa = PBXBuildFile; fileRef = 2CD275AE1A9BC30700F7D5CF /* IRMessageCell.m */; };
		2CD275B21A9BC36300F7D5CF /* IRMessageContentButton.m in Sources */ = {isa = PBXBuildFile; fileRef = 2CD275B11A9BC36300F7D5CF /* IRMessageContentButton.m */; };
		2CD275B51A9BC53E00F7D5CF /* IRMessageFrame.m in Sources */ = {isa = PBXBuildFile; fileRef = 2CD275B41A9BC53E00F7D5CF /* IRMessageFrame.m */; };
		2CD275CD1A9BC6B600F7D5CF /* AFHTTPRequestOperation.m in Sources */ = {isa = PBXBuildFile; fileRef = 2CD275BB1A9BC6B600F7D5CF /* AFHTTPRequestOperation.m */; };
		2CD275CE1A9BC6B600F7D5CF /* AFHTTPRequestOperationManager.m in Sources */ = {isa = PBXBuildFile; fileRef = 2CD275BD1A9BC6B600F7D5CF /* AFHTTPRequestOperationManager.m */; };
		2CD275CF1A9BC6B600F7D5CF /* AFHTTPSessionManager.m in Sources */ = {isa = PBXBuildFile; fileRef = 2CD275BF1A9BC6B600F7D5CF /* AFHTTPSessionManager.m */; };
		2CD275D01A9BC6B600F7D5CF /* AFNetworkReachabilityManager.m in Sources */ = {isa = PBXBuildFile; fileRef = 2CD275C21A9BC6B600F7D5CF /* AFNetworkReachabilityManager.m */; };
		2CD275D11A9BC6B600F7D5CF /* AFSecurityPolicy.m in Sources */ = {isa = PBXBuildFile; fileRef = 2CD275C41A9BC6B600F7D5CF /* AFSecurityPolicy.m */; };
		2CD275D21A9BC6B600F7D5CF /* AFURLConnectionOperation.m in Sources */ = {isa = PBXBuildFile; fileRef = 2CD275C61A9BC6B600F7D5CF /* AFURLConnectionOperation.m */; };
		2CD275D31A9BC6B600F7D5CF /* AFURLRequestSerialization.m in Sources */ = {isa = PBXBuildFile; fileRef = 2CD275C81A9BC6B600F7D5CF /* AFURLRequestSerialization.m */; };
		2CD275D41A9BC6B600F7D5CF /* AFURLResponseSerialization.m in Sources */ = {isa = PBXBuildFile; fileRef = 2CD275CA1A9BC6B600F7D5CF /* AFURLResponseSerialization.m */; };
		2CD275D51A9BC6B600F7D5CF /* AFURLSessionManager.m in Sources */ = {isa = PBXBuildFile; fileRef = 2CD275CC1A9BC6B600F7D5CF /* AFURLSessionManager.m */; };
		2CD275E81A9BC6C200F7D5CF /* AFNetworkActivityIndicatorManager.m in Sources */ = {isa = PBXBuildFile; fileRef = 2CD275D81A9BC6C200F7D5CF /* AFNetworkActivityIndicatorManager.m */; };
		2CD275E91A9BC6C200F7D5CF /* UIActivityIndicatorView+AFNetworking.m in Sources */ = {isa = PBXBuildFile; fileRef = 2CD275DA1A9BC6C200F7D5CF /* UIActivityIndicatorView+AFNetworking.m */; };
		2CD275EA1A9BC6C200F7D5CF /* UIAlertView+AFNetworking.m in Sources */ = {isa = PBXBuildFile; fileRef = 2CD275DC1A9BC6C200F7D5CF /* UIAlertView+AFNetworking.m */; };
		2CD275EB1A9BC6C200F7D5CF /* UIButton+AFNetworking.m in Sources */ = {isa = PBXBuildFile; fileRef = 2CD275DE1A9BC6C200F7D5CF /* UIButton+AFNetworking.m */; };
		2CD275EC1A9BC6C200F7D5CF /* UIImageView+AFNetworking.m in Sources */ = {isa = PBXBuildFile; fileRef = 2CD275E01A9BC6C200F7D5CF /* UIImageView+AFNetworking.m */; };
		2CD275ED1A9BC6C200F7D5CF /* UIProgressView+AFNetworking.m in Sources */ = {isa = PBXBuildFile; fileRef = 2CD275E31A9BC6C200F7D5CF /* UIProgressView+AFNetworking.m */; };
		2CD275EE1A9BC6C200F7D5CF /* UIRefreshControl+AFNetworking.m in Sources */ = {isa = PBXBuildFile; fileRef = 2CD275E51A9BC6C200F7D5CF /* UIRefreshControl+AFNetworking.m */; };
		2CD275EF1A9BC6C200F7D5CF /* UIWebView+AFNetworking.m in Sources */ = {isa = PBXBuildFile; fileRef = 2CD275E71A9BC6C200F7D5CF /* UIWebView+AFNetworking.m */; };
		2CD276121A9BCA3200F7D5CF /* InteractionsChatModel.m in Sources */ = {isa = PBXBuildFile; fileRef = 2CD276111A9BCA3200F7D5CF /* InteractionsChatModel.m */; };
		2CD688AC1A9CA373008D446A /* arrow@2x.png in Resources */ = {isa = PBXBuildFile; fileRef = 2CD688AB1A9CA373008D446A /* arrow@2x.png */; };
		2CD688AF1A9CB074008D446A /* IRGroup.m in Sources */ = {isa = PBXBuildFile; fileRef = 2CD688AE1A9CB074008D446A /* IRGroup.m */; };
		2CD688B51A9CB83B008D446A /* IRMatchedGroups.m in Sources */ = {isa = PBXBuildFile; fileRef = 2CD688B41A9CB83B008D446A /* IRMatchedGroups.m */; };
		2CD688B81A9DE6F9008D446A /* IROwnGroup.m in Sources */ = {isa = PBXBuildFile; fileRef = 2CD688B71A9DE6F9008D446A /* IROwnGroup.m */; };
		2CD688BC1A9E05F0008D446A /* IRWebSocketServiceHandler.m in Sources */ = {isa = PBXBuildFile; fileRef = 2CD688BB1A9E05F0008D446A /* IRWebSocketServiceHandler.m */; };
		2CD688BF1AA0DDCF008D446A /* IRChatDataSourceManager.m in Sources */ = {isa = PBXBuildFile; fileRef = 2CD688BE1AA0DDCF008D446A /* IRChatDataSourceManager.m */; };
		2CD688C21AA0E3D9008D446A /* IRGroupConversation.m in Sources */ = {isa = PBXBuildFile; fileRef = 2CD688C11AA0E3D9008D446A /* IRGroupConversation.m */; };
		2CDD98061A99096700B3C591 /* AVFoundation.framework in Frameworks */ = {isa = PBXBuildFile; fileRef = 2CDD98051A99096700B3C591 /* AVFoundation.framework */; };
		2CE20A1A1AADC7C400CB4204 /* MKAnnotationView+WebCache.m in Sources */ = {isa = PBXBuildFile; fileRef = 2CE209FA1AADC7C400CB4204 /* MKAnnotationView+WebCache.m */; };
		2CE20A1B1AADC7C400CB4204 /* NSData+ImageContentType.m in Sources */ = {isa = PBXBuildFile; fileRef = 2CE209FC1AADC7C400CB4204 /* NSData+ImageContentType.m */; };
		2CE20A1C1AADC7C400CB4204 /* SDImageCache.m in Sources */ = {isa = PBXBuildFile; fileRef = 2CE209FE1AADC7C400CB4204 /* SDImageCache.m */; };
		2CE20A1D1AADC7C400CB4204 /* SDWebImageCompat.m in Sources */ = {isa = PBXBuildFile; fileRef = 2CE20A001AADC7C400CB4204 /* SDWebImageCompat.m */; };
		2CE20A1E1AADC7C400CB4204 /* SDWebImageDecoder.m in Sources */ = {isa = PBXBuildFile; fileRef = 2CE20A021AADC7C400CB4204 /* SDWebImageDecoder.m */; };
		2CE20A1F1AADC7C400CB4204 /* SDWebImageDownloader.m in Sources */ = {isa = PBXBuildFile; fileRef = 2CE20A041AADC7C400CB4204 /* SDWebImageDownloader.m */; };
		2CE20A201AADC7C400CB4204 /* SDWebImageDownloaderOperation.m in Sources */ = {isa = PBXBuildFile; fileRef = 2CE20A061AADC7C400CB4204 /* SDWebImageDownloaderOperation.m */; };
		2CE20A211AADC7C400CB4204 /* SDWebImageManager.m in Sources */ = {isa = PBXBuildFile; fileRef = 2CE20A081AADC7C400CB4204 /* SDWebImageManager.m */; };
		2CE20A221AADC7C400CB4204 /* SDWebImagePrefetcher.m in Sources */ = {isa = PBXBuildFile; fileRef = 2CE20A0B1AADC7C400CB4204 /* SDWebImagePrefetcher.m */; };
		2CE20A231AADC7C400CB4204 /* UIButton+WebCache.m in Sources */ = {isa = PBXBuildFile; fileRef = 2CE20A0D1AADC7C400CB4204 /* UIButton+WebCache.m */; };
		2CE20A241AADC7C400CB4204 /* UIImage+GIF.m in Sources */ = {isa = PBXBuildFile; fileRef = 2CE20A0F1AADC7C400CB4204 /* UIImage+GIF.m */; };
		2CE20A251AADC7C400CB4204 /* UIImage+MultiFormat.m in Sources */ = {isa = PBXBuildFile; fileRef = 2CE20A111AADC7C400CB4204 /* UIImage+MultiFormat.m */; };
		2CE20A261AADC7C400CB4204 /* UIImage+WebP.m in Sources */ = {isa = PBXBuildFile; fileRef = 2CE20A131AADC7C400CB4204 /* UIImage+WebP.m */; };
		2CE20A271AADC7C400CB4204 /* UIImageView+HighlightedWebCache.m in Sources */ = {isa = PBXBuildFile; fileRef = 2CE20A151AADC7C400CB4204 /* UIImageView+HighlightedWebCache.m */; };
		2CE20A281AADC7C400CB4204 /* UIImageView+WebCache.m in Sources */ = {isa = PBXBuildFile; fileRef = 2CE20A171AADC7C400CB4204 /* UIImageView+WebCache.m */; };
		2CE20A291AADC7C400CB4204 /* UIView+WebCacheOperation.m in Sources */ = {isa = PBXBuildFile; fileRef = 2CE20A191AADC7C400CB4204 /* UIView+WebCacheOperation.m */; };
		2CE20A671AAEDAFA00CB4204 /* PreparingViewController.m in Sources */ = {isa = PBXBuildFile; fileRef = 2CE20A661AAEDAFA00CB4204 /* PreparingViewController.m */; };
		2CE20A6D1AAEDC0C00CB4204 /* CERoundProgressLayer.m in Sources */ = {isa = PBXBuildFile; fileRef = 2CE20A6A1AAEDC0C00CB4204 /* CERoundProgressLayer.m */; };
		2CE20A6E1AAEDC0C00CB4204 /* CERoundProgressView.m in Sources */ = {isa = PBXBuildFile; fileRef = 2CE20A6C1AAEDC0C00CB4204 /* CERoundProgressView.m */; };
		2CE20A731AAEDC5500CB4204 /* MRPreparingView.m in Sources */ = {isa = PBXBuildFile; fileRef = 2CE20A721AAEDC5500CB4204 /* MRPreparingView.m */; };
		2CE20A761AAEDE6400CB4204 /* IRMatchServiceDataSource.m in Sources */ = {isa = PBXBuildFile; fileRef = 2CE20A751AAEDE6400CB4204 /* IRMatchServiceDataSource.m */; };
		2CE20A7C1AAF18AE00CB4204 /* InteractionsConversationsMenuCell.m in Sources */ = {isa = PBXBuildFile; fileRef = 2CE20A7B1AAF18AE00CB4204 /* InteractionsConversationsMenuCell.m */; };
		2CE20A7F1AB073A300CB4204 /* ResultGroupMenu.m in Sources */ = {isa = PBXBuildFile; fileRef = 2CE20A7E1AB073A300CB4204 /* ResultGroupMenu.m */; };
		2CF21F511A97BF6100D2FFBA /* main.m in Sources */ = {isa = PBXBuildFile; fileRef = 2CF21F501A97BF6100D2FFBA /* main.m */; };
		2CF21F541A97BF6100D2FFBA /* AppDelegate.m in Sources */ = {isa = PBXBuildFile; fileRef = 2CF21F531A97BF6100D2FFBA /* AppDelegate.m */; };
		2CF21F571A97BF6100D2FFBA /* ViewController.m in Sources */ = {isa = PBXBuildFile; fileRef = 2CF21F561A97BF6100D2FFBA /* ViewController.m */; };
		2CF21F5A1A97BF6100D2FFBA /* Main.storyboard in Resources */ = {isa = PBXBuildFile; fileRef = 2CF21F581A97BF6100D2FFBA /* Main.storyboard */; };
		2CF21F5C1A97BF6100D2FFBA /* Images.xcassets in Resources */ = {isa = PBXBuildFile; fileRef = 2CF21F5B1A97BF6100D2FFBA /* Images.xcassets */; };
		2CF21F5F1A97BF6100D2FFBA /* LaunchScreen.xib in Resources */ = {isa = PBXBuildFile; fileRef = 2CF21F5D1A97BF6100D2FFBA /* LaunchScreen.xib */; };
		2CF21F6B1A97BF6100D2FFBA /* SpoluTests.m in Sources */ = {isa = PBXBuildFile; fileRef = 2CF21F6A1A97BF6100D2FFBA /* SpoluTests.m */; };
		2CF21F751A97C1FA00D2FFBA /* QuartzCore.framework in Frameworks */ = {isa = PBXBuildFile; fileRef = 2CF21F741A97C1FA00D2FFBA /* QuartzCore.framework */; };
		2CF21F781A97C93400D2FFBA /* FilterViewController.m in Sources */ = {isa = PBXBuildFile; fileRef = 2CF21F771A97C93400D2FFBA /* FilterViewController.m */; };
		2CF21F7C1A97CAE000D2FFBA /* JFADoubleSlider.m in Sources */ = {isa = PBXBuildFile; fileRef = 2CF21F7B1A97CAE000D2FFBA /* JFADoubleSlider.m */; };
		2CF21F7F1A980B8300D2FFBA /* ResultViewController.m in Sources */ = {isa = PBXBuildFile; fileRef = 2CF21F7E1A980B8300D2FFBA /* ResultViewController.m */; };
		2CF21F821A981B1400D2FFBA /* InteractionsViewController.m in Sources */ = {isa = PBXBuildFile; fileRef = 2CF21F811A981B1400D2FFBA /* InteractionsViewController.m */; };
		2CFE37FC1A98DE3900A5CDE0 /* IRLocationServiceHandler.m in Sources */ = {isa = PBXBuildFile; fileRef = 2CFE37FB1A98DE3900A5CDE0 /* IRLocationServiceHandler.m */; };
		2CFE38001A98DF5B00A5CDE0 /* CoreLocation.framework in Frameworks */ = {isa = PBXBuildFile; fileRef = 2CFE37FF1A98DF5B00A5CDE0 /* CoreLocation.framework */; };
		80447A95F6118CD9FE3CBBC7 /* libPods.a in Frameworks */ = {isa = PBXBuildFile; fileRef = 69DE94DC210F13688B2025EB /* libPods.a */; };
/* End PBXBuildFile section */

/* Begin PBXContainerItemProxy section */
		2CF21F651A97BF6100D2FFBA /* PBXContainerItemProxy */ = {
			isa = PBXContainerItemProxy;
			containerPortal = 2CF21F431A97BF6100D2FFBA /* Project object */;
			proxyType = 1;
			remoteGlobalIDString = 2CF21F4A1A97BF6100D2FFBA;
			remoteInfo = Spolu;
		};
/* End PBXContainerItemProxy section */

/* Begin PBXFileReference section */
		2C0B248C1AA76D1700BA81EE /* Crashlytics.framework */ = {isa = PBXFileReference; lastKnownFileType = wrapper.framework; path = Crashlytics.framework; sourceTree = SOURCE_ROOT; };
		2C0B248D1AA76D1700BA81EE /* Fabric.framework */ = {isa = PBXFileReference; lastKnownFileType = wrapper.framework; path = Fabric.framework; sourceTree = SOURCE_ROOT; };
		2C0B24D01AAB97EE00BA81EE /* ChooseGroupView.h */ = {isa = PBXFileReference; fileEncoding = 4; lastKnownFileType = sourcecode.c.h; path = ChooseGroupView.h; sourceTree = "<group>"; };
		2C0B24D11AAB97EE00BA81EE /* ChooseGroupView.m */ = {isa = PBXFileReference; fileEncoding = 4; lastKnownFileType = sourcecode.c.objc; path = ChooseGroupView.m; sourceTree = "<group>"; };
		2C0B24D31AAB9CC000BA81EE /* ImageLabelView.h */ = {isa = PBXFileReference; fileEncoding = 4; lastKnownFileType = sourcecode.c.h; path = ImageLabelView.h; sourceTree = "<group>"; };
		2C0B24D41AAB9CC000BA81EE /* ImageLabelView.m */ = {isa = PBXFileReference; fileEncoding = 4; lastKnownFileType = sourcecode.c.objc; path = ImageLabelView.m; sourceTree = "<group>"; };
		2C0B24D61AABA84E00BA81EE /* IRMatchServiceHandler.h */ = {isa = PBXFileReference; fileEncoding = 4; lastKnownFileType = sourcecode.c.h; path = IRMatchServiceHandler.h; sourceTree = "<group>"; };
		2C0B24D71AABA84E00BA81EE /* IRMatchServiceHandler.m */ = {isa = PBXFileReference; fileEncoding = 4; lastKnownFileType = sourcecode.c.objc; path = IRMatchServiceHandler.m; sourceTree = "<group>"; };
		2C0B24D91AABB0C200BA81EE /* IRJsonToGroupParser.h */ = {isa = PBXFileReference; fileEncoding = 4; lastKnownFileType = sourcecode.c.h; path = IRJsonToGroupParser.h; sourceTree = "<group>"; };
		2C0B24DA1AABB0C200BA81EE /* IRJsonToGroupParser.m */ = {isa = PBXFileReference; fileEncoding = 4; lastKnownFileType = sourcecode.c.objc; path = IRJsonToGroupParser.m; sourceTree = "<group>"; };
		2C7138DF1AA3C11D001D2582 /* InteractionsConversationsMenu.h */ = {isa = PBXFileReference; fileEncoding = 4; lastKnownFileType = sourcecode.c.h; name = InteractionsConversationsMenu.h; path = btSimpleSideMenu/InteractionsConversationsMenu.h; sourceTree = "<group>"; };
		2C7138E01AA3C11D001D2582 /* InteractionsConversationsMenu.m */ = {isa = PBXFileReference; fileEncoding = 4; lastKnownFileType = sourcecode.c.objc; name = InteractionsConversationsMenu.m; path = btSimpleSideMenu/InteractionsConversationsMenu.m; sourceTree = "<group>"; };
		2C7138F21AA65269001D2582 /* UIView+Animation.h */ = {isa = PBXFileReference; fileEncoding = 4; lastKnownFileType = sourcecode.c.h; path = "UIView+Animation.h"; sourceTree = "<group>"; };
		2C7138F31AA65269001D2582 /* UIView+Animation.m */ = {isa = PBXFileReference; fileEncoding = 4; lastKnownFileType = sourcecode.c.objc; path = "UIView+Animation.m"; sourceTree = "<group>"; };
		2C971E041AB21314005F2F42 /* MRInstallation.h */ = {isa = PBXFileReference; fileEncoding = 4; lastKnownFileType = sourcecode.c.h; path = MRInstallation.h; sourceTree = "<group>"; };
		2C971E051AB21314005F2F42 /* MRInstallation.m */ = {isa = PBXFileReference; fileEncoding = 4; lastKnownFileType = sourcecode.c.objc; path = MRInstallation.m; sourceTree = "<group>"; };
		2C971E071AB21C6D005F2F42 /* MRPush.h */ = {isa = PBXFileReference; fileEncoding = 4; lastKnownFileType = sourcecode.c.h; path = MRPush.h; sourceTree = "<group>"; };
		2C971E081AB21C6D005F2F42 /* MRPush.m */ = {isa = PBXFileReference; fileEncoding = 4; lastKnownFileType = sourcecode.c.objc; path = MRPush.m; sourceTree = "<group>"; };
		2CD275831A9BB13600F7D5CF /* IRImageViewDisplayer.h */ = {isa = PBXFileReference; fileEncoding = 4; lastKnownFileType = sourcecode.c.h; path = IRImageViewDisplayer.h; sourceTree = "<group>"; };
		2CD275841A9BB13600F7D5CF /* IRImageViewDisplayer.m */ = {isa = PBXFileReference; fileEncoding = 4; lastKnownFileType = sourcecode.c.objc; path = IRImageViewDisplayer.m; sourceTree = "<group>"; };
		2CD275861A9BB1F400F7D5CF /* IRAVAudioPlayer.h */ = {isa = PBXFileReference; fileEncoding = 4; lastKnownFileType = sourcecode.c.h; path = IRAVAudioPlayer.h; sourceTree = "<group>"; };
		2CD275871A9BB1F400F7D5CF /* IRAVAudioPlayer.m */ = {isa = PBXFileReference; fileEncoding = 4; lastKnownFileType = sourcecode.c.objc; path = IRAVAudioPlayer.m; sourceTree = "<group>"; };
		2CD2758B1A9BB32200F7D5CF /* MJRefresh.h */ = {isa = PBXFileReference; fileEncoding = 4; lastKnownFileType = sourcecode.c.h; path = MJRefresh.h; sourceTree = "<group>"; };
		2CD2758C1A9BB32200F7D5CF /* MJRefreshBaseView.h */ = {isa = PBXFileReference; fileEncoding = 4; lastKnownFileType = sourcecode.c.h; path = MJRefreshBaseView.h; sourceTree = "<group>"; };
		2CD2758D1A9BB32200F7D5CF /* MJRefreshBaseView.m */ = {isa = PBXFileReference; fileEncoding = 4; lastKnownFileType = sourcecode.c.objc; path = MJRefreshBaseView.m; sourceTree = "<group>"; };
		2CD2758E1A9BB32200F7D5CF /* MJRefreshConst.h */ = {isa = PBXFileReference; fileEncoding = 4; lastKnownFileType = sourcecode.c.h; path = MJRefreshConst.h; sourceTree = "<group>"; };
		2CD2758F1A9BB32200F7D5CF /* MJRefreshConst.m */ = {isa = PBXFileReference; fileEncoding = 4; lastKnownFileType = sourcecode.c.objc; path = MJRefreshConst.m; sourceTree = "<group>"; };
		2CD275901A9BB32200F7D5CF /* MJRefreshFooterView.h */ = {isa = PBXFileReference; fileEncoding = 4; lastKnownFileType = sourcecode.c.h; path = MJRefreshFooterView.h; sourceTree = "<group>"; };
		2CD275911A9BB32200F7D5CF /* MJRefreshFooterView.m */ = {isa = PBXFileReference; fileEncoding = 4; lastKnownFileType = sourcecode.c.objc; path = MJRefreshFooterView.m; sourceTree = "<group>"; };
		2CD275921A9BB32200F7D5CF /* MJRefreshHeaderView.h */ = {isa = PBXFileReference; fileEncoding = 4; lastKnownFileType = sourcecode.c.h; path = MJRefreshHeaderView.h; sourceTree = "<group>"; };
		2CD275931A9BB32200F7D5CF /* MJRefreshHeaderView.m */ = {isa = PBXFileReference; fileEncoding = 4; lastKnownFileType = sourcecode.c.objc; path = MJRefreshHeaderView.m; sourceTree = "<group>"; };
		2CD275951A9BB32200F7D5CF /* lame.h */ = {isa = PBXFileReference; fileEncoding = 4; lastKnownFileType = sourcecode.c.h; path = lame.h; sourceTree = "<group>"; };
		2CD275961A9BB32200F7D5CF /* libmp3lame.a */ = {isa = PBXFileReference; lastKnownFileType = archive.ar; path = libmp3lame.a; sourceTree = "<group>"; };
		2CD275971A9BB32200F7D5CF /* Mp3Recorder.h */ = {isa = PBXFileReference; fileEncoding = 4; lastKnownFileType = sourcecode.c.h; path = Mp3Recorder.h; sourceTree = "<group>"; };
		2CD275981A9BB32200F7D5CF /* Mp3Recorder.m */ = {isa = PBXFileReference; fileEncoding = 4; lastKnownFileType = sourcecode.c.objc; path = Mp3Recorder.m; sourceTree = "<group>"; };
		2CD275A01A9BB38100F7D5CF /* IRInputFunctionView.h */ = {isa = PBXFileReference; fileEncoding = 4; lastKnownFileType = sourcecode.c.h; path = IRInputFunctionView.h; sourceTree = "<group>"; };
		2CD275A11A9BB38100F7D5CF /* IRInputFunctionView.m */ = {isa = PBXFileReference; fileEncoding = 4; lastKnownFileType = sourcecode.c.objc; path = IRInputFunctionView.m; sourceTree = "<group>"; };
		2CD275A31A9BB4B100F7D5CF /* IRProgressHUD.h */ = {isa = PBXFileReference; fileEncoding = 4; lastKnownFileType = sourcecode.c.h; path = IRProgressHUD.h; sourceTree = "<group>"; };
		2CD275A41A9BB4B100F7D5CF /* IRProgressHUD.m */ = {isa = PBXFileReference; fileEncoding = 4; lastKnownFileType = sourcecode.c.objc; path = IRProgressHUD.m; sourceTree = "<group>"; };
		2CD275A61A9BB5A100F7D5CF /* ACMacros.h */ = {isa = PBXFileReference; fileEncoding = 4; lastKnownFileType = sourcecode.c.h; path = ACMacros.h; sourceTree = "<group>"; };
		2CD275A71A9BB5A100F7D5CF /* NSDate+Utils.h */ = {isa = PBXFileReference; fileEncoding = 4; lastKnownFileType = sourcecode.c.h; path = "NSDate+Utils.h"; sourceTree = "<group>"; };
		2CD275A81A9BB5A100F7D5CF /* NSDate+Utils.m */ = {isa = PBXFileReference; fileEncoding = 4; lastKnownFileType = sourcecode.c.objc; path = "NSDate+Utils.m"; sourceTree = "<group>"; };
		2CD275AA1A9BC1F200F7D5CF /* IRMessage.h */ = {isa = PBXFileReference; fileEncoding = 4; lastKnownFileType = sourcecode.c.h; path = IRMessage.h; sourceTree = "<group>"; };
		2CD275AB1A9BC1F200F7D5CF /* IRMessage.m */ = {isa = PBXFileReference; fileEncoding = 4; lastKnownFileType = sourcecode.c.objc; path = IRMessage.m; sourceTree = "<group>"; };
		2CD275AD1A9BC30700F7D5CF /* IRMessageCell.h */ = {isa = PBXFileReference; fileEncoding = 4; lastKnownFileType = sourcecode.c.h; path = IRMessageCell.h; sourceTree = "<group>"; };
		2CD275AE1A9BC30700F7D5CF /* IRMessageCell.m */ = {isa = PBXFileReference; fileEncoding = 4; lastKnownFileType = sourcecode.c.objc; path = IRMessageCell.m; sourceTree = "<group>"; };
		2CD275B01A9BC36300F7D5CF /* IRMessageContentButton.h */ = {isa = PBXFileReference; fileEncoding = 4; lastKnownFileType = sourcecode.c.h; path = IRMessageContentButton.h; sourceTree = "<group>"; };
		2CD275B11A9BC36300F7D5CF /* IRMessageContentButton.m */ = {isa = PBXFileReference; fileEncoding = 4; lastKnownFileType = sourcecode.c.objc; path = IRMessageContentButton.m; sourceTree = "<group>"; };
		2CD275B31A9BC53E00F7D5CF /* IRMessageFrame.h */ = {isa = PBXFileReference; fileEncoding = 4; lastKnownFileType = sourcecode.c.h; path = IRMessageFrame.h; sourceTree = "<group>"; };
		2CD275B41A9BC53E00F7D5CF /* IRMessageFrame.m */ = {isa = PBXFileReference; fileEncoding = 4; lastKnownFileType = sourcecode.c.objc; path = IRMessageFrame.m; sourceTree = "<group>"; };
		2CD275BA1A9BC6B600F7D5CF /* AFHTTPRequestOperation.h */ = {isa = PBXFileReference; fileEncoding = 4; lastKnownFileType = sourcecode.c.h; path = AFHTTPRequestOperation.h; sourceTree = "<group>"; };
		2CD275BB1A9BC6B600F7D5CF /* AFHTTPRequestOperation.m */ = {isa = PBXFileReference; fileEncoding = 4; lastKnownFileType = sourcecode.c.objc; path = AFHTTPRequestOperation.m; sourceTree = "<group>"; };
		2CD275BC1A9BC6B600F7D5CF /* AFHTTPRequestOperationManager.h */ = {isa = PBXFileReference; fileEncoding = 4; lastKnownFileType = sourcecode.c.h; path = AFHTTPRequestOperationManager.h; sourceTree = "<group>"; };
		2CD275BD1A9BC6B600F7D5CF /* AFHTTPRequestOperationManager.m */ = {isa = PBXFileReference; fileEncoding = 4; lastKnownFileType = sourcecode.c.objc; path = AFHTTPRequestOperationManager.m; sourceTree = "<group>"; };
		2CD275BE1A9BC6B600F7D5CF /* AFHTTPSessionManager.h */ = {isa = PBXFileReference; fileEncoding = 4; lastKnownFileType = sourcecode.c.h; path = AFHTTPSessionManager.h; sourceTree = "<group>"; };
		2CD275BF1A9BC6B600F7D5CF /* AFHTTPSessionManager.m */ = {isa = PBXFileReference; fileEncoding = 4; lastKnownFileType = sourcecode.c.objc; path = AFHTTPSessionManager.m; sourceTree = "<group>"; };
		2CD275C01A9BC6B600F7D5CF /* AFNetworking.h */ = {isa = PBXFileReference; fileEncoding = 4; lastKnownFileType = sourcecode.c.h; path = AFNetworking.h; sourceTree = "<group>"; };
		2CD275C11A9BC6B600F7D5CF /* AFNetworkReachabilityManager.h */ = {isa = PBXFileReference; fileEncoding = 4; lastKnownFileType = sourcecode.c.h; path = AFNetworkReachabilityManager.h; sourceTree = "<group>"; };
		2CD275C21A9BC6B600F7D5CF /* AFNetworkReachabilityManager.m */ = {isa = PBXFileReference; fileEncoding = 4; lastKnownFileType = sourcecode.c.objc; path = AFNetworkReachabilityManager.m; sourceTree = "<group>"; };
		2CD275C31A9BC6B600F7D5CF /* AFSecurityPolicy.h */ = {isa = PBXFileReference; fileEncoding = 4; lastKnownFileType = sourcecode.c.h; path = AFSecurityPolicy.h; sourceTree = "<group>"; };
		2CD275C41A9BC6B600F7D5CF /* AFSecurityPolicy.m */ = {isa = PBXFileReference; fileEncoding = 4; lastKnownFileType = sourcecode.c.objc; path = AFSecurityPolicy.m; sourceTree = "<group>"; };
		2CD275C51A9BC6B600F7D5CF /* AFURLConnectionOperation.h */ = {isa = PBXFileReference; fileEncoding = 4; lastKnownFileType = sourcecode.c.h; path = AFURLConnectionOperation.h; sourceTree = "<group>"; };
		2CD275C61A9BC6B600F7D5CF /* AFURLConnectionOperation.m */ = {isa = PBXFileReference; fileEncoding = 4; lastKnownFileType = sourcecode.c.objc; path = AFURLConnectionOperation.m; sourceTree = "<group>"; };
		2CD275C71A9BC6B600F7D5CF /* AFURLRequestSerialization.h */ = {isa = PBXFileReference; fileEncoding = 4; lastKnownFileType = sourcecode.c.h; path = AFURLRequestSerialization.h; sourceTree = "<group>"; };
		2CD275C81A9BC6B600F7D5CF /* AFURLRequestSerialization.m */ = {isa = PBXFileReference; fileEncoding = 4; lastKnownFileType = sourcecode.c.objc; path = AFURLRequestSerialization.m; sourceTree = "<group>"; };
		2CD275C91A9BC6B600F7D5CF /* AFURLResponseSerialization.h */ = {isa = PBXFileReference; fileEncoding = 4; lastKnownFileType = sourcecode.c.h; path = AFURLResponseSerialization.h; sourceTree = "<group>"; };
		2CD275CA1A9BC6B600F7D5CF /* AFURLResponseSerialization.m */ = {isa = PBXFileReference; fileEncoding = 4; lastKnownFileType = sourcecode.c.objc; path = AFURLResponseSerialization.m; sourceTree = "<group>"; };
		2CD275CB1A9BC6B600F7D5CF /* AFURLSessionManager.h */ = {isa = PBXFileReference; fileEncoding = 4; lastKnownFileType = sourcecode.c.h; path = AFURLSessionManager.h; sourceTree = "<group>"; };
		2CD275CC1A9BC6B600F7D5CF /* AFURLSessionManager.m */ = {isa = PBXFileReference; fileEncoding = 4; lastKnownFileType = sourcecode.c.objc; path = AFURLSessionManager.m; sourceTree = "<group>"; };
		2CD275D71A9BC6C200F7D5CF /* AFNetworkActivityIndicatorManager.h */ = {isa = PBXFileReference; fileEncoding = 4; lastKnownFileType = sourcecode.c.h; path = AFNetworkActivityIndicatorManager.h; sourceTree = "<group>"; };
		2CD275D81A9BC6C200F7D5CF /* AFNetworkActivityIndicatorManager.m */ = {isa = PBXFileReference; fileEncoding = 4; lastKnownFileType = sourcecode.c.objc; path = AFNetworkActivityIndicatorManager.m; sourceTree = "<group>"; };
		2CD275D91A9BC6C200F7D5CF /* UIActivityIndicatorView+AFNetworking.h */ = {isa = PBXFileReference; fileEncoding = 4; lastKnownFileType = sourcecode.c.h; path = "UIActivityIndicatorView+AFNetworking.h"; sourceTree = "<group>"; };
		2CD275DA1A9BC6C200F7D5CF /* UIActivityIndicatorView+AFNetworking.m */ = {isa = PBXFileReference; fileEncoding = 4; lastKnownFileType = sourcecode.c.objc; path = "UIActivityIndicatorView+AFNetworking.m"; sourceTree = "<group>"; };
		2CD275DB1A9BC6C200F7D5CF /* UIAlertView+AFNetworking.h */ = {isa = PBXFileReference; fileEncoding = 4; lastKnownFileType = sourcecode.c.h; path = "UIAlertView+AFNetworking.h"; sourceTree = "<group>"; };
		2CD275DC1A9BC6C200F7D5CF /* UIAlertView+AFNetworking.m */ = {isa = PBXFileReference; fileEncoding = 4; lastKnownFileType = sourcecode.c.objc; path = "UIAlertView+AFNetworking.m"; sourceTree = "<group>"; };
		2CD275DD1A9BC6C200F7D5CF /* UIButton+AFNetworking.h */ = {isa = PBXFileReference; fileEncoding = 4; lastKnownFileType = sourcecode.c.h; path = "UIButton+AFNetworking.h"; sourceTree = "<group>"; };
		2CD275DE1A9BC6C200F7D5CF /* UIButton+AFNetworking.m */ = {isa = PBXFileReference; fileEncoding = 4; lastKnownFileType = sourcecode.c.objc; path = "UIButton+AFNetworking.m"; sourceTree = "<group>"; };
		2CD275DF1A9BC6C200F7D5CF /* UIImageView+AFNetworking.h */ = {isa = PBXFileReference; fileEncoding = 4; lastKnownFileType = sourcecode.c.h; path = "UIImageView+AFNetworking.h"; sourceTree = "<group>"; };
		2CD275E01A9BC6C200F7D5CF /* UIImageView+AFNetworking.m */ = {isa = PBXFileReference; fileEncoding = 4; lastKnownFileType = sourcecode.c.objc; path = "UIImageView+AFNetworking.m"; sourceTree = "<group>"; };
		2CD275E11A9BC6C200F7D5CF /* UIKit+AFNetworking.h */ = {isa = PBXFileReference; fileEncoding = 4; lastKnownFileType = sourcecode.c.h; path = "UIKit+AFNetworking.h"; sourceTree = "<group>"; };
		2CD275E21A9BC6C200F7D5CF /* UIProgressView+AFNetworking.h */ = {isa = PBXFileReference; fileEncoding = 4; lastKnownFileType = sourcecode.c.h; path = "UIProgressView+AFNetworking.h"; sourceTree = "<group>"; };
		2CD275E31A9BC6C200F7D5CF /* UIProgressView+AFNetworking.m */ = {isa = PBXFileReference; fileEncoding = 4; lastKnownFileType = sourcecode.c.objc; path = "UIProgressView+AFNetworking.m"; sourceTree = "<group>"; };
		2CD275E41A9BC6C200F7D5CF /* UIRefreshControl+AFNetworking.h */ = {isa = PBXFileReference; fileEncoding = 4; lastKnownFileType = sourcecode.c.h; path = "UIRefreshControl+AFNetworking.h"; sourceTree = "<group>"; };
		2CD275E51A9BC6C200F7D5CF /* UIRefreshControl+AFNetworking.m */ = {isa = PBXFileReference; fileEncoding = 4; lastKnownFileType = sourcecode.c.objc; path = "UIRefreshControl+AFNetworking.m"; sourceTree = "<group>"; };
		2CD275E61A9BC6C200F7D5CF /* UIWebView+AFNetworking.h */ = {isa = PBXFileReference; fileEncoding = 4; lastKnownFileType = sourcecode.c.h; path = "UIWebView+AFNetworking.h"; sourceTree = "<group>"; };
		2CD275E71A9BC6C200F7D5CF /* UIWebView+AFNetworking.m */ = {isa = PBXFileReference; fileEncoding = 4; lastKnownFileType = sourcecode.c.objc; path = "UIWebView+AFNetworking.m"; sourceTree = "<group>"; };
		2CD276101A9BCA3200F7D5CF /* InteractionsChatModel.h */ = {isa = PBXFileReference; fileEncoding = 4; lastKnownFileType = sourcecode.c.h; path = InteractionsChatModel.h; sourceTree = "<group>"; };
		2CD276111A9BCA3200F7D5CF /* InteractionsChatModel.m */ = {isa = PBXFileReference; fileEncoding = 4; lastKnownFileType = sourcecode.c.objc; path = InteractionsChatModel.m; sourceTree = "<group>"; };
		2CD688AB1A9CA373008D446A /* arrow@2x.png */ = {isa = PBXFileReference; lastKnownFileType = image.png; path = "arrow@2x.png"; sourceTree = "<group>"; };
		2CD688AD1A9CB074008D446A /* IRGroup.h */ = {isa = PBXFileReference; fileEncoding = 4; lastKnownFileType = sourcecode.c.h; path = IRGroup.h; sourceTree = "<group>"; };
		2CD688AE1A9CB074008D446A /* IRGroup.m */ = {isa = PBXFileReference; fileEncoding = 4; lastKnownFileType = sourcecode.c.objc; path = IRGroup.m; sourceTree = "<group>"; };
		2CD688B31A9CB83B008D446A /* IRMatchedGroups.h */ = {isa = PBXFileReference; fileEncoding = 4; lastKnownFileType = sourcecode.c.h; path = IRMatchedGroups.h; sourceTree = "<group>"; };
		2CD688B41A9CB83B008D446A /* IRMatchedGroups.m */ = {isa = PBXFileReference; fileEncoding = 4; lastKnownFileType = sourcecode.c.objc; path = IRMatchedGroups.m; sourceTree = "<group>"; };
		2CD688B61A9DE6F9008D446A /* IROwnGroup.h */ = {isa = PBXFileReference; fileEncoding = 4; lastKnownFileType = sourcecode.c.h; path = IROwnGroup.h; sourceTree = "<group>"; };
		2CD688B71A9DE6F9008D446A /* IROwnGroup.m */ = {isa = PBXFileReference; fileEncoding = 4; lastKnownFileType = sourcecode.c.objc; path = IROwnGroup.m; sourceTree = "<group>"; };
		2CD688BA1A9E05F0008D446A /* IRWebSocketServiceHandler.h */ = {isa = PBXFileReference; fileEncoding = 4; lastKnownFileType = sourcecode.c.h; path = IRWebSocketServiceHandler.h; sourceTree = "<group>"; };
		2CD688BB1A9E05F0008D446A /* IRWebSocketServiceHandler.m */ = {isa = PBXFileReference; fileEncoding = 4; lastKnownFileType = sourcecode.c.objc; path = IRWebSocketServiceHandler.m; sourceTree = "<group>"; };
		2CD688BD1AA0DDCF008D446A /* IRChatDataSourceManager.h */ = {isa = PBXFileReference; fileEncoding = 4; lastKnownFileType = sourcecode.c.h; path = IRChatDataSourceManager.h; sourceTree = "<group>"; };
		2CD688BE1AA0DDCF008D446A /* IRChatDataSourceManager.m */ = {isa = PBXFileReference; fileEncoding = 4; lastKnownFileType = sourcecode.c.objc; path = IRChatDataSourceManager.m; sourceTree = "<group>"; };
		2CD688C01AA0E3D9008D446A /* IRGroupConversation.h */ = {isa = PBXFileReference; fileEncoding = 4; lastKnownFileType = sourcecode.c.h; path = IRGroupConversation.h; sourceTree = "<group>"; };
		2CD688C11AA0E3D9008D446A /* IRGroupConversation.m */ = {isa = PBXFileReference; fileEncoding = 4; lastKnownFileType = sourcecode.c.objc; path = IRGroupConversation.m; sourceTree = "<group>"; };
		2CDD98051A99096700B3C591 /* AVFoundation.framework */ = {isa = PBXFileReference; lastKnownFileType = wrapper.framework; name = AVFoundation.framework; path = System/Library/Frameworks/AVFoundation.framework; sourceTree = SDKROOT; };
		2CE209F91AADC7C400CB4204 /* MKAnnotationView+WebCache.h */ = {isa = PBXFileReference; fileEncoding = 4; lastKnownFileType = sourcecode.c.h; path = "MKAnnotationView+WebCache.h"; sourceTree = "<group>"; };
		2CE209FA1AADC7C400CB4204 /* MKAnnotationView+WebCache.m */ = {isa = PBXFileReference; fileEncoding = 4; lastKnownFileType = sourcecode.c.objc; path = "MKAnnotationView+WebCache.m"; sourceTree = "<group>"; };
		2CE209FB1AADC7C400CB4204 /* NSData+ImageContentType.h */ = {isa = PBXFileReference; fileEncoding = 4; lastKnownFileType = sourcecode.c.h; path = "NSData+ImageContentType.h"; sourceTree = "<group>"; };
		2CE209FC1AADC7C400CB4204 /* NSData+ImageContentType.m */ = {isa = PBXFileReference; fileEncoding = 4; lastKnownFileType = sourcecode.c.objc; path = "NSData+ImageContentType.m"; sourceTree = "<group>"; };
		2CE209FD1AADC7C400CB4204 /* SDImageCache.h */ = {isa = PBXFileReference; fileEncoding = 4; lastKnownFileType = sourcecode.c.h; path = SDImageCache.h; sourceTree = "<group>"; };
		2CE209FE1AADC7C400CB4204 /* SDImageCache.m */ = {isa = PBXFileReference; fileEncoding = 4; lastKnownFileType = sourcecode.c.objc; path = SDImageCache.m; sourceTree = "<group>"; };
		2CE209FF1AADC7C400CB4204 /* SDWebImageCompat.h */ = {isa = PBXFileReference; fileEncoding = 4; lastKnownFileType = sourcecode.c.h; path = SDWebImageCompat.h; sourceTree = "<group>"; };
		2CE20A001AADC7C400CB4204 /* SDWebImageCompat.m */ = {isa = PBXFileReference; fileEncoding = 4; lastKnownFileType = sourcecode.c.objc; path = SDWebImageCompat.m; sourceTree = "<group>"; };
		2CE20A011AADC7C400CB4204 /* SDWebImageDecoder.h */ = {isa = PBXFileReference; fileEncoding = 4; lastKnownFileType = sourcecode.c.h; path = SDWebImageDecoder.h; sourceTree = "<group>"; };
		2CE20A021AADC7C400CB4204 /* SDWebImageDecoder.m */ = {isa = PBXFileReference; fileEncoding = 4; lastKnownFileType = sourcecode.c.objc; path = SDWebImageDecoder.m; sourceTree = "<group>"; };
		2CE20A031AADC7C400CB4204 /* SDWebImageDownloader.h */ = {isa = PBXFileReference; fileEncoding = 4; lastKnownFileType = sourcecode.c.h; path = SDWebImageDownloader.h; sourceTree = "<group>"; };
		2CE20A041AADC7C400CB4204 /* SDWebImageDownloader.m */ = {isa = PBXFileReference; fileEncoding = 4; lastKnownFileType = sourcecode.c.objc; path = SDWebImageDownloader.m; sourceTree = "<group>"; };
		2CE20A051AADC7C400CB4204 /* SDWebImageDownloaderOperation.h */ = {isa = PBXFileReference; fileEncoding = 4; lastKnownFileType = sourcecode.c.h; path = SDWebImageDownloaderOperation.h; sourceTree = "<group>"; };
		2CE20A061AADC7C400CB4204 /* SDWebImageDownloaderOperation.m */ = {isa = PBXFileReference; fileEncoding = 4; lastKnownFileType = sourcecode.c.objc; path = SDWebImageDownloaderOperation.m; sourceTree = "<group>"; };
		2CE20A071AADC7C400CB4204 /* SDWebImageManager.h */ = {isa = PBXFileReference; fileEncoding = 4; lastKnownFileType = sourcecode.c.h; path = SDWebImageManager.h; sourceTree = "<group>"; };
		2CE20A081AADC7C400CB4204 /* SDWebImageManager.m */ = {isa = PBXFileReference; fileEncoding = 4; lastKnownFileType = sourcecode.c.objc; path = SDWebImageManager.m; sourceTree = "<group>"; };
		2CE20A091AADC7C400CB4204 /* SDWebImageOperation.h */ = {isa = PBXFileReference; fileEncoding = 4; lastKnownFileType = sourcecode.c.h; path = SDWebImageOperation.h; sourceTree = "<group>"; };
		2CE20A0A1AADC7C400CB4204 /* SDWebImagePrefetcher.h */ = {isa = PBXFileReference; fileEncoding = 4; lastKnownFileType = sourcecode.c.h; path = SDWebImagePrefetcher.h; sourceTree = "<group>"; };
		2CE20A0B1AADC7C400CB4204 /* SDWebImagePrefetcher.m */ = {isa = PBXFileReference; fileEncoding = 4; lastKnownFileType = sourcecode.c.objc; path = SDWebImagePrefetcher.m; sourceTree = "<group>"; };
		2CE20A0C1AADC7C400CB4204 /* UIButton+WebCache.h */ = {isa = PBXFileReference; fileEncoding = 4; lastKnownFileType = sourcecode.c.h; path = "UIButton+WebCache.h"; sourceTree = "<group>"; };
		2CE20A0D1AADC7C400CB4204 /* UIButton+WebCache.m */ = {isa = PBXFileReference; fileEncoding = 4; lastKnownFileType = sourcecode.c.objc; path = "UIButton+WebCache.m"; sourceTree = "<group>"; };
		2CE20A0E1AADC7C400CB4204 /* UIImage+GIF.h */ = {isa = PBXFileReference; fileEncoding = 4; lastKnownFileType = sourcecode.c.h; path = "UIImage+GIF.h"; sourceTree = "<group>"; };
		2CE20A0F1AADC7C400CB4204 /* UIImage+GIF.m */ = {isa = PBXFileReference; fileEncoding = 4; lastKnownFileType = sourcecode.c.objc; path = "UIImage+GIF.m"; sourceTree = "<group>"; };
		2CE20A101AADC7C400CB4204 /* UIImage+MultiFormat.h */ = {isa = PBXFileReference; fileEncoding = 4; lastKnownFileType = sourcecode.c.h; path = "UIImage+MultiFormat.h"; sourceTree = "<group>"; };
		2CE20A111AADC7C400CB4204 /* UIImage+MultiFormat.m */ = {isa = PBXFileReference; fileEncoding = 4; lastKnownFileType = sourcecode.c.objc; path = "UIImage+MultiFormat.m"; sourceTree = "<group>"; };
		2CE20A121AADC7C400CB4204 /* UIImage+WebP.h */ = {isa = PBXFileReference; fileEncoding = 4; lastKnownFileType = sourcecode.c.h; path = "UIImage+WebP.h"; sourceTree = "<group>"; };
		2CE20A131AADC7C400CB4204 /* UIImage+WebP.m */ = {isa = PBXFileReference; fileEncoding = 4; lastKnownFileType = sourcecode.c.objc; path = "UIImage+WebP.m"; sourceTree = "<group>"; };
		2CE20A141AADC7C400CB4204 /* UIImageView+HighlightedWebCache.h */ = {isa = PBXFileReference; fileEncoding = 4; lastKnownFileType = sourcecode.c.h; path = "UIImageView+HighlightedWebCache.h"; sourceTree = "<group>"; };
		2CE20A151AADC7C400CB4204 /* UIImageView+HighlightedWebCache.m */ = {isa = PBXFileReference; fileEncoding = 4; lastKnownFileType = sourcecode.c.objc; path = "UIImageView+HighlightedWebCache.m"; sourceTree = "<group>"; };
		2CE20A161AADC7C400CB4204 /* UIImageView+WebCache.h */ = {isa = PBXFileReference; fileEncoding = 4; lastKnownFileType = sourcecode.c.h; path = "UIImageView+WebCache.h"; sourceTree = "<group>"; };
		2CE20A171AADC7C400CB4204 /* UIImageView+WebCache.m */ = {isa = PBXFileReference; fileEncoding = 4; lastKnownFileType = sourcecode.c.objc; path = "UIImageView+WebCache.m"; sourceTree = "<group>"; };
		2CE20A181AADC7C400CB4204 /* UIView+WebCacheOperation.h */ = {isa = PBXFileReference; fileEncoding = 4; lastKnownFileType = sourcecode.c.h; path = "UIView+WebCacheOperation.h"; sourceTree = "<group>"; };
		2CE20A191AADC7C400CB4204 /* UIView+WebCacheOperation.m */ = {isa = PBXFileReference; fileEncoding = 4; lastKnownFileType = sourcecode.c.objc; path = "UIView+WebCacheOperation.m"; sourceTree = "<group>"; };
		2CE20A651AAEDAFA00CB4204 /* PreparingViewController.h */ = {isa = PBXFileReference; fileEncoding = 4; lastKnownFileType = sourcecode.c.h; path = PreparingViewController.h; sourceTree = "<group>"; };
		2CE20A661AAEDAFA00CB4204 /* PreparingViewController.m */ = {isa = PBXFileReference; fileEncoding = 4; lastKnownFileType = sourcecode.c.objc; path = PreparingViewController.m; sourceTree = "<group>"; };
		2CE20A691AAEDC0C00CB4204 /* CERoundProgressLayer.h */ = {isa = PBXFileReference; fileEncoding = 4; lastKnownFileType = sourcecode.c.h; path = CERoundProgressLayer.h; sourceTree = "<group>"; };
		2CE20A6A1AAEDC0C00CB4204 /* CERoundProgressLayer.m */ = {isa = PBXFileReference; fileEncoding = 4; lastKnownFileType = sourcecode.c.objc; path = CERoundProgressLayer.m; sourceTree = "<group>"; };
		2CE20A6B1AAEDC0C00CB4204 /* CERoundProgressView.h */ = {isa = PBXFileReference; fileEncoding = 4; lastKnownFileType = sourcecode.c.h; path = CERoundProgressView.h; sourceTree = "<group>"; };
		2CE20A6C1AAEDC0C00CB4204 /* CERoundProgressView.m */ = {isa = PBXFileReference; fileEncoding = 4; lastKnownFileType = sourcecode.c.objc; path = CERoundProgressView.m; sourceTree = "<group>"; };
		2CE20A711AAEDC5500CB4204 /* MRPreparingView.h */ = {isa = PBXFileReference; fileEncoding = 4; lastKnownFileType = sourcecode.c.h; path = MRPreparingView.h; sourceTree = "<group>"; };
		2CE20A721AAEDC5500CB4204 /* MRPreparingView.m */ = {isa = PBXFileReference; fileEncoding = 4; lastKnownFileType = sourcecode.c.objc; path = MRPreparingView.m; sourceTree = "<group>"; };
		2CE20A741AAEDE6400CB4204 /* IRMatchServiceDataSource.h */ = {isa = PBXFileReference; fileEncoding = 4; lastKnownFileType = sourcecode.c.h; path = IRMatchServiceDataSource.h; sourceTree = "<group>"; };
		2CE20A751AAEDE6400CB4204 /* IRMatchServiceDataSource.m */ = {isa = PBXFileReference; fileEncoding = 4; lastKnownFileType = sourcecode.c.objc; path = IRMatchServiceDataSource.m; sourceTree = "<group>"; };
		2CE20A7A1AAF18AE00CB4204 /* InteractionsConversationsMenuCell.h */ = {isa = PBXFileReference; fileEncoding = 4; lastKnownFileType = sourcecode.c.h; path = InteractionsConversationsMenuCell.h; sourceTree = "<group>"; };
		2CE20A7B1AAF18AE00CB4204 /* InteractionsConversationsMenuCell.m */ = {isa = PBXFileReference; fileEncoding = 4; lastKnownFileType = sourcecode.c.objc; path = InteractionsConversationsMenuCell.m; sourceTree = "<group>"; };
		2CE20A7D1AB073A300CB4204 /* ResultGroupMenu.h */ = {isa = PBXFileReference; fileEncoding = 4; lastKnownFileType = sourcecode.c.h; path = ResultGroupMenu.h; sourceTree = "<group>"; };
		2CE20A7E1AB073A300CB4204 /* ResultGroupMenu.m */ = {isa = PBXFileReference; fileEncoding = 4; lastKnownFileType = sourcecode.c.objc; path = ResultGroupMenu.m; sourceTree = "<group>"; };
		2CF21F4B1A97BF6100D2FFBA /* Spolu.app */ = {isa = PBXFileReference; explicitFileType = wrapper.application; includeInIndex = 0; path = Spolu.app; sourceTree = BUILT_PRODUCTS_DIR; };
		2CF21F4F1A97BF6100D2FFBA /* Info.plist */ = {isa = PBXFileReference; lastKnownFileType = text.plist.xml; path = Info.plist; sourceTree = "<group>"; };
		2CF21F501A97BF6100D2FFBA /* main.m */ = {isa = PBXFileReference; lastKnownFileType = sourcecode.c.objc; path = main.m; sourceTree = "<group>"; };
		2CF21F521A97BF6100D2FFBA /* AppDelegate.h */ = {isa = PBXFileReference; lastKnownFileType = sourcecode.c.h; path = AppDelegate.h; sourceTree = "<group>"; };
		2CF21F531A97BF6100D2FFBA /* AppDelegate.m */ = {isa = PBXFileReference; lastKnownFileType = sourcecode.c.objc; path = AppDelegate.m; sourceTree = "<group>"; };
		2CF21F551A97BF6100D2FFBA /* ViewController.h */ = {isa = PBXFileReference; lastKnownFileType = sourcecode.c.h; path = ViewController.h; sourceTree = "<group>"; };
		2CF21F561A97BF6100D2FFBA /* ViewController.m */ = {isa = PBXFileReference; lastKnownFileType = sourcecode.c.objc; path = ViewController.m; sourceTree = "<group>"; };
		2CF21F591A97BF6100D2FFBA /* Base */ = {isa = PBXFileReference; lastKnownFileType = file.storyboard; name = Base; path = Base.lproj/Main.storyboard; sourceTree = "<group>"; };
		2CF21F5B1A97BF6100D2FFBA /* Images.xcassets */ = {isa = PBXFileReference; lastKnownFileType = folder.assetcatalog; path = Images.xcassets; sourceTree = "<group>"; };
		2CF21F5E1A97BF6100D2FFBA /* Base */ = {isa = PBXFileReference; lastKnownFileType = file.xib; name = Base; path = Base.lproj/LaunchScreen.xib; sourceTree = "<group>"; };
		2CF21F641A97BF6100D2FFBA /* SpoluTests.xctest */ = {isa = PBXFileReference; explicitFileType = wrapper.cfbundle; includeInIndex = 0; path = SpoluTests.xctest; sourceTree = BUILT_PRODUCTS_DIR; };
		2CF21F691A97BF6100D2FFBA /* Info.plist */ = {isa = PBXFileReference; lastKnownFileType = text.plist.xml; path = Info.plist; sourceTree = "<group>"; };
		2CF21F6A1A97BF6100D2FFBA /* SpoluTests.m */ = {isa = PBXFileReference; lastKnownFileType = sourcecode.c.objc; path = SpoluTests.m; sourceTree = "<group>"; };
		2CF21F741A97C1FA00D2FFBA /* QuartzCore.framework */ = {isa = PBXFileReference; lastKnownFileType = wrapper.framework; name = QuartzCore.framework; path = System/Library/Frameworks/QuartzCore.framework; sourceTree = SDKROOT; };
		2CF21F761A97C93400D2FFBA /* FilterViewController.h */ = {isa = PBXFileReference; fileEncoding = 4; lastKnownFileType = sourcecode.c.h; path = FilterViewController.h; sourceTree = "<group>"; };
		2CF21F771A97C93400D2FFBA /* FilterViewController.m */ = {isa = PBXFileReference; fileEncoding = 4; lastKnownFileType = sourcecode.c.objc; path = FilterViewController.m; sourceTree = "<group>"; };
		2CF21F7A1A97CAE000D2FFBA /* JFADoubleSlider.h */ = {isa = PBXFileReference; fileEncoding = 4; lastKnownFileType = sourcecode.c.h; name = JFADoubleSlider.h; path = "../../../../Downloads/JFADoubleSlider-master/JFADoubleSlider/JFADoubleSlider.h"; sourceTree = "<group>"; };
		2CF21F7B1A97CAE000D2FFBA /* JFADoubleSlider.m */ = {isa = PBXFileReference; fileEncoding = 4; lastKnownFileType = sourcecode.c.objc; name = JFADoubleSlider.m; path = "../../../../Downloads/JFADoubleSlider-master/JFADoubleSlider/JFADoubleSlider.m"; sourceTree = "<group>"; };
		2CF21F7D1A980B8300D2FFBA /* ResultViewController.h */ = {isa = PBXFileReference; fileEncoding = 4; lastKnownFileType = sourcecode.c.h; path = ResultViewController.h; sourceTree = "<group>"; };
		2CF21F7E1A980B8300D2FFBA /* ResultViewController.m */ = {isa = PBXFileReference; fileEncoding = 4; lastKnownFileType = sourcecode.c.objc; path = ResultViewController.m; sourceTree = "<group>"; };
		2CF21F801A981B1400D2FFBA /* InteractionsViewController.h */ = {isa = PBXFileReference; fileEncoding = 4; lastKnownFileType = sourcecode.c.h; path = InteractionsViewController.h; sourceTree = "<group>"; };
		2CF21F811A981B1400D2FFBA /* InteractionsViewController.m */ = {isa = PBXFileReference; fileEncoding = 4; lastKnownFileType = sourcecode.c.objc; path = InteractionsViewController.m; sourceTree = "<group>"; };
		2CFE37FA1A98DE3900A5CDE0 /* IRLocationServiceHandler.h */ = {isa = PBXFileReference; fileEncoding = 4; lastKnownFileType = sourcecode.c.h; path = IRLocationServiceHandler.h; sourceTree = "<group>"; };
		2CFE37FB1A98DE3900A5CDE0 /* IRLocationServiceHandler.m */ = {isa = PBXFileReference; fileEncoding = 4; lastKnownFileType = sourcecode.c.objc; path = IRLocationServiceHandler.m; sourceTree = "<group>"; };
		2CFE37FF1A98DF5B00A5CDE0 /* CoreLocation.framework */ = {isa = PBXFileReference; lastKnownFileType = wrapper.framework; name = CoreLocation.framework; path = System/Library/Frameworks/CoreLocation.framework; sourceTree = SDKROOT; };
		69DE94DC210F13688B2025EB /* libPods.a */ = {isa = PBXFileReference; explicitFileType = archive.ar; includeInIndex = 0; path = libPods.a; sourceTree = BUILT_PRODUCTS_DIR; };
		8325EEBE9147F4D813C35749 /* Pods.debug.xcconfig */ = {isa = PBXFileReference; includeInIndex = 1; lastKnownFileType = text.xcconfig; name = Pods.debug.xcconfig; path = "Pods/Target Support Files/Pods/Pods.debug.xcconfig"; sourceTree = "<group>"; };
		B1454EDB01537F723536A33C /* Pods.release.xcconfig */ = {isa = PBXFileReference; includeInIndex = 1; lastKnownFileType = text.xcconfig; name = Pods.release.xcconfig; path = "Pods/Target Support Files/Pods/Pods.release.xcconfig"; sourceTree = "<group>"; };
/* End PBXFileReference section */

/* Begin PBXFrameworksBuildPhase section */
		2CF21F481A97BF6100D2FFBA /* Frameworks */ = {
			isa = PBXFrameworksBuildPhase;
			buildActionMask = 2147483647;
			files = (
				2C0B248F1AA76D1700BA81EE /* Fabric.framework in Frameworks */,
				2CD2759E1A9BB32200F7D5CF /* libmp3lame.a in Frameworks */,
				2CDD98061A99096700B3C591 /* AVFoundation.framework in Frameworks */,
				2CFE38001A98DF5B00A5CDE0 /* CoreLocation.framework in Frameworks */,
				2CF21F751A97C1FA00D2FFBA /* QuartzCore.framework in Frameworks */,
				2C0B248E1AA76D1700BA81EE /* Crashlytics.framework in Frameworks */,
				80447A95F6118CD9FE3CBBC7 /* libPods.a in Frameworks */,
			);
			runOnlyForDeploymentPostprocessing = 0;
		};
		2CF21F611A97BF6100D2FFBA /* Frameworks */ = {
			isa = PBXFrameworksBuildPhase;
			buildActionMask = 2147483647;
			files = (
			);
			runOnlyForDeploymentPostprocessing = 0;
		};
/* End PBXFrameworksBuildPhase section */

/* Begin PBXGroup section */
		2C0B24CC1AAB976A00BA81EE /* Views */ = {
			isa = PBXGroup;
			children = (
				2CE20A711AAEDC5500CB4204 /* MRPreparingView.h */,
				2CE20A721AAEDC5500CB4204 /* MRPreparingView.m */,
				2CE20A701AAEDC4300CB4204 /* MDCSwipeView */,
			);
			name = Views;
			sourceTree = "<group>";
		};
		2C7138F11AA65238001D2582 /* Category */ = {
			isa = PBXGroup;
			children = (
				2C7138F21AA65269001D2582 /* UIView+Animation.h */,
				2C7138F31AA65269001D2582 /* UIView+Animation.m */,
			);
			name = Category;
			sourceTree = "<group>";
		};
		2CD275821A9BB0F500F7D5CF /* IRChat */ = {
			isa = PBXGroup;
			children = (
				2CD275831A9BB13600F7D5CF /* IRImageViewDisplayer.h */,
				2CD275841A9BB13600F7D5CF /* IRImageViewDisplayer.m */,
				2CD275861A9BB1F400F7D5CF /* IRAVAudioPlayer.h */,
				2CD275871A9BB1F400F7D5CF /* IRAVAudioPlayer.m */,
				2CD275A01A9BB38100F7D5CF /* IRInputFunctionView.h */,
				2CD275A11A9BB38100F7D5CF /* IRInputFunctionView.m */,
				2CD275AA1A9BC1F200F7D5CF /* IRMessage.h */,
				2CD275AB1A9BC1F200F7D5CF /* IRMessage.m */,
				2CD275AD1A9BC30700F7D5CF /* IRMessageCell.h */,
				2CD275AE1A9BC30700F7D5CF /* IRMessageCell.m */,
				2CD275B01A9BC36300F7D5CF /* IRMessageContentButton.h */,
				2CD275B11A9BC36300F7D5CF /* IRMessageContentButton.m */,
				2CD275B31A9BC53E00F7D5CF /* IRMessageFrame.h */,
				2CD275B41A9BC53E00F7D5CF /* IRMessageFrame.m */,
				2CD275A31A9BB4B100F7D5CF /* IRProgressHUD.h */,
				2CD275A41A9BB4B100F7D5CF /* IRProgressHUD.m */,
				2CD688BD1AA0DDCF008D446A /* IRChatDataSourceManager.h */,
				2CD688BE1AA0DDCF008D446A /* IRChatDataSourceManager.m */,
				2C7138F11AA65238001D2582 /* Category */,
			);
			name = IRChat;
			sourceTree = "<group>";
		};
		2CD275891A9BB32200F7D5CF /* MJRefresh */ = {
			isa = PBXGroup;
			children = (
				2CD2758B1A9BB32200F7D5CF /* MJRefresh.h */,
				2CD688AB1A9CA373008D446A /* arrow@2x.png */,
				2CD2758C1A9BB32200F7D5CF /* MJRefreshBaseView.h */,
				2CD2758D1A9BB32200F7D5CF /* MJRefreshBaseView.m */,
				2CD2758E1A9BB32200F7D5CF /* MJRefreshConst.h */,
				2CD2758F1A9BB32200F7D5CF /* MJRefreshConst.m */,
				2CD275901A9BB32200F7D5CF /* MJRefreshFooterView.h */,
				2CD275911A9BB32200F7D5CF /* MJRefreshFooterView.m */,
				2CD275921A9BB32200F7D5CF /* MJRefreshHeaderView.h */,
				2CD275931A9BB32200F7D5CF /* MJRefreshHeaderView.m */,
			);
			path = MJRefresh;
			sourceTree = "<group>";
		};
		2CD275941A9BB32200F7D5CF /* VoiceLib */ = {
			isa = PBXGroup;
			children = (
				2CD275951A9BB32200F7D5CF /* lame.h */,
				2CD275961A9BB32200F7D5CF /* libmp3lame.a */,
				2CD275971A9BB32200F7D5CF /* Mp3Recorder.h */,
				2CD275981A9BB32200F7D5CF /* Mp3Recorder.m */,
			);
			path = VoiceLib;
			sourceTree = "<group>";
		};
		2CD275B61A9BC68D00F7D5CF /* JFADoubleSlider */ = {
			isa = PBXGroup;
			children = (
				2CF21F7A1A97CAE000D2FFBA /* JFADoubleSlider.h */,
				2CF21F7B1A97CAE000D2FFBA /* JFADoubleSlider.m */,
			);
			name = JFADoubleSlider;
			sourceTree = "<group>";
		};
		2CD275B81A9BC6A100F7D5CF /* NSDate+Utils */ = {
			isa = PBXGroup;
			children = (
				2CD275A71A9BB5A100F7D5CF /* NSDate+Utils.h */,
				2CD275A81A9BB5A100F7D5CF /* NSDate+Utils.m */,
			);
			name = "NSDate+Utils";
			sourceTree = "<group>";
		};
		2CD275B91A9BC6B600F7D5CF /* AFNetworking */ = {
			isa = PBXGroup;
			children = (
				2CD275D61A9BC6C200F7D5CF /* UIKit+AFNetworking */,
				2CD275BA1A9BC6B600F7D5CF /* AFHTTPRequestOperation.h */,
				2CD275BB1A9BC6B600F7D5CF /* AFHTTPRequestOperation.m */,
				2CD275BC1A9BC6B600F7D5CF /* AFHTTPRequestOperationManager.h */,
				2CD275BD1A9BC6B600F7D5CF /* AFHTTPRequestOperationManager.m */,
				2CD275BE1A9BC6B600F7D5CF /* AFHTTPSessionManager.h */,
				2CD275BF1A9BC6B600F7D5CF /* AFHTTPSessionManager.m */,
				2CD275C01A9BC6B600F7D5CF /* AFNetworking.h */,
				2CD275C11A9BC6B600F7D5CF /* AFNetworkReachabilityManager.h */,
				2CD275C21A9BC6B600F7D5CF /* AFNetworkReachabilityManager.m */,
				2CD275C31A9BC6B600F7D5CF /* AFSecurityPolicy.h */,
				2CD275C41A9BC6B600F7D5CF /* AFSecurityPolicy.m */,
				2CD275C51A9BC6B600F7D5CF /* AFURLConnectionOperation.h */,
				2CD275C61A9BC6B600F7D5CF /* AFURLConnectionOperation.m */,
				2CD275C71A9BC6B600F7D5CF /* AFURLRequestSerialization.h */,
				2CD275C81A9BC6B600F7D5CF /* AFURLRequestSerialization.m */,
				2CD275C91A9BC6B600F7D5CF /* AFURLResponseSerialization.h */,
				2CD275CA1A9BC6B600F7D5CF /* AFURLResponseSerialization.m */,
				2CD275CB1A9BC6B600F7D5CF /* AFURLSessionManager.h */,
				2CD275CC1A9BC6B600F7D5CF /* AFURLSessionManager.m */,
			);
			path = AFNetworking;
			sourceTree = "<group>";
		};
		2CD275D61A9BC6C200F7D5CF /* UIKit+AFNetworking */ = {
			isa = PBXGroup;
			children = (
				2CD275D71A9BC6C200F7D5CF /* AFNetworkActivityIndicatorManager.h */,
				2CD275D81A9BC6C200F7D5CF /* AFNetworkActivityIndicatorManager.m */,
				2CD275D91A9BC6C200F7D5CF /* UIActivityIndicatorView+AFNetworking.h */,
				2CD275DA1A9BC6C200F7D5CF /* UIActivityIndicatorView+AFNetworking.m */,
				2CD275DB1A9BC6C200F7D5CF /* UIAlertView+AFNetworking.h */,
				2CD275DC1A9BC6C200F7D5CF /* UIAlertView+AFNetworking.m */,
				2CD275DD1A9BC6C200F7D5CF /* UIButton+AFNetworking.h */,
				2CD275DE1A9BC6C200F7D5CF /* UIButton+AFNetworking.m */,
				2CD275DF1A9BC6C200F7D5CF /* UIImageView+AFNetworking.h */,
				2CD275E01A9BC6C200F7D5CF /* UIImageView+AFNetworking.m */,
				2CD275E11A9BC6C200F7D5CF /* UIKit+AFNetworking.h */,
				2CD275E21A9BC6C200F7D5CF /* UIProgressView+AFNetworking.h */,
				2CD275E31A9BC6C200F7D5CF /* UIProgressView+AFNetworking.m */,
				2CD275E41A9BC6C200F7D5CF /* UIRefreshControl+AFNetworking.h */,
				2CD275E51A9BC6C200F7D5CF /* UIRefreshControl+AFNetworking.m */,
				2CD275E61A9BC6C200F7D5CF /* UIWebView+AFNetworking.h */,
				2CD275E71A9BC6C200F7D5CF /* UIWebView+AFNetworking.m */,
			);
			path = "UIKit+AFNetworking";
			sourceTree = "<group>";
		};
		2CD688B91A9E05C5008D446A /* IRServiceHandler */ = {
			isa = PBXGroup;
			children = (
				2CFE37FA1A98DE3900A5CDE0 /* IRLocationServiceHandler.h */,
				2CFE37FB1A98DE3900A5CDE0 /* IRLocationServiceHandler.m */,
				2CD688BA1A9E05F0008D446A /* IRWebSocketServiceHandler.h */,
				2CD688BB1A9E05F0008D446A /* IRWebSocketServiceHandler.m */,
				2C0B24D61AABA84E00BA81EE /* IRMatchServiceHandler.h */,
				2C0B24D71AABA84E00BA81EE /* IRMatchServiceHandler.m */,
				2CE20A741AAEDE6400CB4204 /* IRMatchServiceDataSource.h */,
				2CE20A751AAEDE6400CB4204 /* IRMatchServiceDataSource.m */,
				2C0B24D91AABB0C200BA81EE /* IRJsonToGroupParser.h */,
				2C0B24DA1AABB0C200BA81EE /* IRJsonToGroupParser.m */,
			);
			name = IRServiceHandler;
			sourceTree = "<group>";
		};
		2CD688C31AA0E8AC008D446A /* IRGroup */ = {
			isa = PBXGroup;
			children = (
				2CD688AD1A9CB074008D446A /* IRGroup.h */,
				2CD688AE1A9CB074008D446A /* IRGroup.m */,
				2CD688B61A9DE6F9008D446A /* IROwnGroup.h */,
				2CD688B71A9DE6F9008D446A /* IROwnGroup.m */,
				2CD688B31A9CB83B008D446A /* IRMatchedGroups.h */,
				2CD688B41A9CB83B008D446A /* IRMatchedGroups.m */,
				2CD688C01AA0E3D9008D446A /* IRGroupConversation.h */,
				2CD688C11AA0E3D9008D446A /* IRGroupConversation.m */,
			);
			name = IRGroup;
			sourceTree = "<group>";
		};
		2CE209F81AADC7C400CB4204 /* SDWebImage */ = {
			isa = PBXGroup;
			children = (
				2CE209F91AADC7C400CB4204 /* MKAnnotationView+WebCache.h */,
				2CE209FA1AADC7C400CB4204 /* MKAnnotationView+WebCache.m */,
				2CE209FB1AADC7C400CB4204 /* NSData+ImageContentType.h */,
				2CE209FC1AADC7C400CB4204 /* NSData+ImageContentType.m */,
				2CE209FD1AADC7C400CB4204 /* SDImageCache.h */,
				2CE209FE1AADC7C400CB4204 /* SDImageCache.m */,
				2CE209FF1AADC7C400CB4204 /* SDWebImageCompat.h */,
				2CE20A001AADC7C400CB4204 /* SDWebImageCompat.m */,
				2CE20A011AADC7C400CB4204 /* SDWebImageDecoder.h */,
				2CE20A021AADC7C400CB4204 /* SDWebImageDecoder.m */,
				2CE20A031AADC7C400CB4204 /* SDWebImageDownloader.h */,
				2CE20A041AADC7C400CB4204 /* SDWebImageDownloader.m */,
				2CE20A051AADC7C400CB4204 /* SDWebImageDownloaderOperation.h */,
				2CE20A061AADC7C400CB4204 /* SDWebImageDownloaderOperation.m */,
				2CE20A071AADC7C400CB4204 /* SDWebImageManager.h */,
				2CE20A081AADC7C400CB4204 /* SDWebImageManager.m */,
				2CE20A091AADC7C400CB4204 /* SDWebImageOperation.h */,
				2CE20A0A1AADC7C400CB4204 /* SDWebImagePrefetcher.h */,
				2CE20A0B1AADC7C400CB4204 /* SDWebImagePrefetcher.m */,
				2CE20A0C1AADC7C400CB4204 /* UIButton+WebCache.h */,
				2CE20A0D1AADC7C400CB4204 /* UIButton+WebCache.m */,
				2CE20A0E1AADC7C400CB4204 /* UIImage+GIF.h */,
				2CE20A0F1AADC7C400CB4204 /* UIImage+GIF.m */,
				2CE20A101AADC7C400CB4204 /* UIImage+MultiFormat.h */,
				2CE20A111AADC7C400CB4204 /* UIImage+MultiFormat.m */,
				2CE20A121AADC7C400CB4204 /* UIImage+WebP.h */,
				2CE20A131AADC7C400CB4204 /* UIImage+WebP.m */,
				2CE20A141AADC7C400CB4204 /* UIImageView+HighlightedWebCache.h */,
				2CE20A151AADC7C400CB4204 /* UIImageView+HighlightedWebCache.m */,
				2CE20A161AADC7C400CB4204 /* UIImageView+WebCache.h */,
				2CE20A171AADC7C400CB4204 /* UIImageView+WebCache.m */,
				2CE20A181AADC7C400CB4204 /* UIView+WebCacheOperation.h */,
				2CE20A191AADC7C400CB4204 /* UIView+WebCacheOperation.m */,
			);
			path = SDWebImage;
			sourceTree = "<group>";
		};
		2CE20A6F1AAEDC1200CB4204 /* CERoundProgress */ = {
			isa = PBXGroup;
			children = (
				2CE20A691AAEDC0C00CB4204 /* CERoundProgressLayer.h */,
				2CE20A6A1AAEDC0C00CB4204 /* CERoundProgressLayer.m */,
				2CE20A6B1AAEDC0C00CB4204 /* CERoundProgressView.h */,
				2CE20A6C1AAEDC0C00CB4204 /* CERoundProgressView.m */,
			);
			name = CERoundProgress;
			sourceTree = "<group>";
		};
		2CE20A701AAEDC4300CB4204 /* MDCSwipeView */ = {
			isa = PBXGroup;
			children = (
				2C0B24D01AAB97EE00BA81EE /* ChooseGroupView.h */,
				2C0B24D11AAB97EE00BA81EE /* ChooseGroupView.m */,
				2C0B24D31AAB9CC000BA81EE /* ImageLabelView.h */,
				2C0B24D41AAB9CC000BA81EE /* ImageLabelView.m */,
			);
			name = MDCSwipeView;
			sourceTree = "<group>";
		};
		2CF21F421A97BF6100D2FFBA = {
			isa = PBXGroup;
			children = (
				2CF21F4D1A97BF6100D2FFBA /* Spolu */,
				2CFE37FE1A98DF3F00A5CDE0 /* Frameworks */,
				2CF21F671A97BF6100D2FFBA /* SpoluTests */,
				2CF21F4C1A97BF6100D2FFBA /* Products */,
				A23B0BC816AC7593892FBD89 /* Pods */,
			);
			sourceTree = "<group>";
		};
		2CF21F4C1A97BF6100D2FFBA /* Products */ = {
			isa = PBXGroup;
			children = (
				2CF21F4B1A97BF6100D2FFBA /* Spolu.app */,
				2CF21F641A97BF6100D2FFBA /* SpoluTests.xctest */,
			);
			name = Products;
			sourceTree = "<group>";
		};
		2CF21F4D1A97BF6100D2FFBA /* Spolu */ = {
			isa = PBXGroup;
			children = (
				2CF21F5B1A97BF6100D2FFBA /* Images.xcassets */,
				2CF21F581A97BF6100D2FFBA /* Main.storyboard */,
				2CF21F5D1A97BF6100D2FFBA /* LaunchScreen.xib */,
				2CF21F521A97BF6100D2FFBA /* AppDelegate.h */,
				2CF21F531A97BF6100D2FFBA /* AppDelegate.m */,
				2C971E041AB21314005F2F42 /* MRInstallation.h */,
				2C971E051AB21314005F2F42 /* MRInstallation.m */,
				2C971E071AB21C6D005F2F42 /* MRPush.h */,
				2C971E081AB21C6D005F2F42 /* MRPush.m */,
				2C0B24CC1AAB976A00BA81EE /* Views */,
				2CFE37FD1A98DE4500A5CDE0 /* ViewControllers */,
				2CD688B91A9E05C5008D446A /* IRServiceHandler */,
				2CD688C31AA0E8AC008D446A /* IRGroup */,
				2CD275821A9BB0F500F7D5CF /* IRChat */,
				2CF21F791A97CACC00D2FFBA /* 3rd part */,
				2CF21F4E1A97BF6100D2FFBA /* Supporting Files */,
			);
			path = Spolu;
			sourceTree = "<group>";
		};
		2CF21F4E1A97BF6100D2FFBA /* Supporting Files */ = {
			isa = PBXGroup;
			children = (
				2CF21F4F1A97BF6100D2FFBA /* Info.plist */,
				2CF21F501A97BF6100D2FFBA /* main.m */,
			);
			name = "Supporting Files";
			sourceTree = "<group>";
		};
		2CF21F671A97BF6100D2FFBA /* SpoluTests */ = {
			isa = PBXGroup;
			children = (
				2CF21F6A1A97BF6100D2FFBA /* SpoluTests.m */,
				2CF21F681A97BF6100D2FFBA /* Supporting Files */,
			);
			path = SpoluTests;
			sourceTree = "<group>";
		};
		2CF21F681A97BF6100D2FFBA /* Supporting Files */ = {
			isa = PBXGroup;
			children = (
				2CF21F691A97BF6100D2FFBA /* Info.plist */,
			);
			name = "Supporting Files";
			sourceTree = "<group>";
		};
		2CF21F791A97CACC00D2FFBA /* 3rd part */ = {
			isa = PBXGroup;
			children = (
				2CE20A6F1AAEDC1200CB4204 /* CERoundProgress */,
				2CE209F81AADC7C400CB4204 /* SDWebImage */,
				2CD275B91A9BC6B600F7D5CF /* AFNetworking */,
				2CD275891A9BB32200F7D5CF /* MJRefresh */,
				2CD275941A9BB32200F7D5CF /* VoiceLib */,
				2CD275B61A9BC68D00F7D5CF /* JFADoubleSlider */,
				2CD275A61A9BB5A100F7D5CF /* ACMacros.h */,
				2CD275B81A9BC6A100F7D5CF /* NSDate+Utils */,
			);
			name = "3rd part";
			sourceTree = "<group>";
		};
		2CFE37FD1A98DE4500A5CDE0 /* ViewControllers */ = {
			isa = PBXGroup;
			children = (
				2CF21F551A97BF6100D2FFBA /* ViewController.h */,
				2CF21F561A97BF6100D2FFBA /* ViewController.m */,
				2CF21F761A97C93400D2FFBA /* FilterViewController.h */,
				2CF21F771A97C93400D2FFBA /* FilterViewController.m */,
				2CE20A651AAEDAFA00CB4204 /* PreparingViewController.h */,
				2CE20A661AAEDAFA00CB4204 /* PreparingViewController.m */,
				2CF21F7D1A980B8300D2FFBA /* ResultViewController.h */,
				2CF21F7E1A980B8300D2FFBA /* ResultViewController.m */,
				2CE20A7D1AB073A300CB4204 /* ResultGroupMenu.h */,
				2CE20A7E1AB073A300CB4204 /* ResultGroupMenu.m */,
				2CF21F801A981B1400D2FFBA /* InteractionsViewController.h */,
				2CF21F811A981B1400D2FFBA /* InteractionsViewController.m */,
				2CD276101A9BCA3200F7D5CF /* InteractionsChatModel.h */,
				2CD276111A9BCA3200F7D5CF /* InteractionsChatModel.m */,
				2C7138DF1AA3C11D001D2582 /* InteractionsConversationsMenu.h */,
				2C7138E01AA3C11D001D2582 /* InteractionsConversationsMenu.m */,
				2CE20A7A1AAF18AE00CB4204 /* InteractionsConversationsMenuCell.h */,
				2CE20A7B1AAF18AE00CB4204 /* InteractionsConversationsMenuCell.m */,
			);
			name = ViewControllers;
			sourceTree = "<group>";
		};
		2CFE37FE1A98DF3F00A5CDE0 /* Frameworks */ = {
			isa = PBXGroup;
			children = (
				2C0B248C1AA76D1700BA81EE /* Crashlytics.framework */,
				2C0B248D1AA76D1700BA81EE /* Fabric.framework */,
				2CDD98051A99096700B3C591 /* AVFoundation.framework */,
				2CFE37FF1A98DF5B00A5CDE0 /* CoreLocation.framework */,
				2CF21F741A97C1FA00D2FFBA /* QuartzCore.framework */,
				69DE94DC210F13688B2025EB /* libPods.a */,
			);
			name = Frameworks;
			path = Spolu;
			sourceTree = "<group>";
		};
		A23B0BC816AC7593892FBD89 /* Pods */ = {
			isa = PBXGroup;
			children = (
				8325EEBE9147F4D813C35749 /* Pods.debug.xcconfig */,
				B1454EDB01537F723536A33C /* Pods.release.xcconfig */,
			);
			name = Pods;
			sourceTree = "<group>";
		};
/* End PBXGroup section */

/* Begin PBXNativeTarget section */
		2CF21F4A1A97BF6100D2FFBA /* Spolu */ = {
			isa = PBXNativeTarget;
			buildConfigurationList = 2CF21F6E1A97BF6100D2FFBA /* Build configuration list for PBXNativeTarget "Spolu" */;
			buildPhases = (
				D6D81DBA562571BB955771CE /* Check Pods Manifest.lock */,
				2CF21F471A97BF6100D2FFBA /* Sources */,
				2CF21F481A97BF6100D2FFBA /* Frameworks */,
				2CF21F491A97BF6100D2FFBA /* Resources */,
				AC9168E062F80CBEB02B819F /* Copy Pods Resources */,
				2C0B248B1AA76CA900BA81EE /* ShellScript */,
			);
			buildRules = (
			);
			dependencies = (
			);
			name = Spolu;
			productName = Spolu;
			productReference = 2CF21F4B1A97BF6100D2FFBA /* Spolu.app */;
			productType = "com.apple.product-type.application";
		};
		2CF21F631A97BF6100D2FFBA /* SpoluTests */ = {
			isa = PBXNativeTarget;
			buildConfigurationList = 2CF21F711A97BF6100D2FFBA /* Build configuration list for PBXNativeTarget "SpoluTests" */;
			buildPhases = (
				2CF21F601A97BF6100D2FFBA /* Sources */,
				2CF21F611A97BF6100D2FFBA /* Frameworks */,
				2CF21F621A97BF6100D2FFBA /* Resources */,
			);
			buildRules = (
			);
			dependencies = (
				2CF21F661A97BF6100D2FFBA /* PBXTargetDependency */,
			);
			name = SpoluTests;
			productName = SpoluTests;
			productReference = 2CF21F641A97BF6100D2FFBA /* SpoluTests.xctest */;
			productType = "com.apple.product-type.bundle.unit-test";
		};
/* End PBXNativeTarget section */

/* Begin PBXProject section */
		2CF21F431A97BF6100D2FFBA /* Project object */ = {
			isa = PBXProject;
			attributes = {
				LastUpgradeCheck = 0610;
				ORGANIZATIONNAME = "Spolu Apps";
				TargetAttributes = {
					2CF21F4A1A97BF6100D2FFBA = {
						CreatedOnToolsVersion = 6.1.1;
						DevelopmentTeam = 5ZCL6EK7R3;
						SystemCapabilities = {
							com.apple.BackgroundModes = {
								enabled = 1;
							};
						};
					};
					2CF21F631A97BF6100D2FFBA = {
						CreatedOnToolsVersion = 6.1.1;
						DevelopmentTeam = 5ZCL6EK7R3;
					};
				};
			};
			buildConfigurationList = 2CF21F461A97BF6100D2FFBA /* Build configuration list for PBXProject "Spolu" */;
			compatibilityVersion = "Xcode 3.2";
			developmentRegion = English;
			hasScannedForEncodings = 0;
			knownRegions = (
				en,
				Base,
			);
			mainGroup = 2CF21F421A97BF6100D2FFBA;
			productRefGroup = 2CF21F4C1A97BF6100D2FFBA /* Products */;
			projectDirPath = "";
			projectRoot = "";
			targets = (
				2CF21F4A1A97BF6100D2FFBA /* Spolu */,
				2CF21F631A97BF6100D2FFBA /* SpoluTests */,
			);
		};
/* End PBXProject section */

/* Begin PBXResourcesBuildPhase section */
		2CF21F491A97BF6100D2FFBA /* Resources */ = {
			isa = PBXResourcesBuildPhase;
			buildActionMask = 2147483647;
			files = (
				2CF21F5A1A97BF6100D2FFBA /* Main.storyboard in Resources */,
				2CD688AC1A9CA373008D446A /* arrow@2x.png in Resources */,
				2CF21F5F1A97BF6100D2FFBA /* LaunchScreen.xib in Resources */,
				2CF21F5C1A97BF6100D2FFBA /* Images.xcassets in Resources */,
			);
			runOnlyForDeploymentPostprocessing = 0;
		};
		2CF21F621A97BF6100D2FFBA /* Resources */ = {
			isa = PBXResourcesBuildPhase;
			buildActionMask = 2147483647;
			files = (
			);
			runOnlyForDeploymentPostprocessing = 0;
		};
/* End PBXResourcesBuildPhase section */

/* Begin PBXShellScriptBuildPhase section */
		2C0B248B1AA76CA900BA81EE /* ShellScript */ = {
			isa = PBXShellScriptBuildPhase;
			buildActionMask = 2147483647;
			files = (
			);
			inputPaths = (
			);
			outputPaths = (
			);
			runOnlyForDeploymentPostprocessing = 0;
			shellPath = /bin/sh;
			shellScript = "./Fabric.framework/run fb86d73c9a1eccb5a626f7cf180d3bcbeb81b766 63771a8503bd0cbf59e6185f7d822bd09975245f042219f39b27cf35be9f187c";
		};
		AC9168E062F80CBEB02B819F /* Copy Pods Resources */ = {
			isa = PBXShellScriptBuildPhase;
			buildActionMask = 2147483647;
			files = (
			);
			inputPaths = (
			);
			name = "Copy Pods Resources";
			outputPaths = (
			);
			runOnlyForDeploymentPostprocessing = 0;
			shellPath = /bin/sh;
			shellScript = "\"${SRCROOT}/Pods/Target Support Files/Pods/Pods-resources.sh\"\n";
			showEnvVarsInLog = 0;
		};
		D6D81DBA562571BB955771CE /* Check Pods Manifest.lock */ = {
			isa = PBXShellScriptBuildPhase;
			buildActionMask = 2147483647;
			files = (
			);
			inputPaths = (
			);
			name = "Check Pods Manifest.lock";
			outputPaths = (
			);
			runOnlyForDeploymentPostprocessing = 0;
			shellPath = /bin/sh;
			shellScript = "diff \"${PODS_ROOT}/../Podfile.lock\" \"${PODS_ROOT}/Manifest.lock\" > /dev/null\nif [[ $? != 0 ]] ; then\n    cat << EOM\nerror: The sandbox is not in sync with the Podfile.lock. Run 'pod install' or update your CocoaPods installation.\nEOM\n    exit 1\nfi\n";
			showEnvVarsInLog = 0;
		};
/* End PBXShellScriptBuildPhase section */

/* Begin PBXSourcesBuildPhase section */
		2CF21F471A97BF6100D2FFBA /* Sources */ = {
			isa = PBXSourcesBuildPhase;
			buildActionMask = 2147483647;
			files = (
				2CE20A291AADC7C400CB4204 /* UIView+WebCacheOperation.m in Sources */,
				2CE20A7C1AAF18AE00CB4204 /* InteractionsConversationsMenuCell.m in Sources */,
				2CD275D21A9BC6B600F7D5CF /* AFURLConnectionOperation.m in Sources */,
				2CF21F571A97BF6100D2FFBA /* ViewController.m in Sources */,
				2CD688AF1A9CB074008D446A /* IRGroup.m in Sources */,
				2CE20A671AAEDAFA00CB4204 /* PreparingViewController.m in Sources */,
				2CD2759F1A9BB32200F7D5CF /* Mp3Recorder.m in Sources */,
				2CE20A1B1AADC7C400CB4204 /* NSData+ImageContentType.m in Sources */,
				2CD275E91A9BC6C200F7D5CF /* UIActivityIndicatorView+AFNetworking.m in Sources */,
				2CE20A271AADC7C400CB4204 /* UIImageView+HighlightedWebCache.m in Sources */,
				2CD275CD1A9BC6B600F7D5CF /* AFHTTPRequestOperation.m in Sources */,
				2CD275D41A9BC6B600F7D5CF /* AFURLResponseSerialization.m in Sources */,
				2CD275851A9BB13600F7D5CF /* IRImageViewDisplayer.m in Sources */,
				2CD275EC1A9BC6C200F7D5CF /* UIImageView+AFNetworking.m in Sources */,
				2CD275EF1A9BC6C200F7D5CF /* UIWebView+AFNetworking.m in Sources */,
				2CD2759D1A9BB32200F7D5CF /* MJRefreshHeaderView.m in Sources */,
				2C971E061AB21314005F2F42 /* MRInstallation.m in Sources */,
				2CD275A91A9BB5A100F7D5CF /* NSDate+Utils.m in Sources */,
				2CF21F821A981B1400D2FFBA /* InteractionsViewController.m in Sources */,
				2CD2759C1A9BB32200F7D5CF /* MJRefreshFooterView.m in Sources */,
				2CE20A201AADC7C400CB4204 /* SDWebImageDownloaderOperation.m in Sources */,
				2CE20A251AADC7C400CB4204 /* UIImage+MultiFormat.m in Sources */,
				2C7138E21AA3C11D001D2582 /* InteractionsConversationsMenu.m in Sources */,
				2C0B24D51AAB9CC000BA81EE /* ImageLabelView.m in Sources */,
				2CF21F541A97BF6100D2FFBA /* AppDelegate.m in Sources */,
				2CFE37FC1A98DE3900A5CDE0 /* IRLocationServiceHandler.m in Sources */,
				2CD275D11A9BC6B600F7D5CF /* AFSecurityPolicy.m in Sources */,
				2CD275D51A9BC6B600F7D5CF /* AFURLSessionManager.m in Sources */,
				2CF21F781A97C93400D2FFBA /* FilterViewController.m in Sources */,
				2CD275EB1A9BC6C200F7D5CF /* UIButton+AFNetworking.m in Sources */,
				2CD275B51A9BC53E00F7D5CF /* IRMessageFrame.m in Sources */,
				2CE20A281AADC7C400CB4204 /* UIImageView+WebCache.m in Sources */,
				2CE20A1A1AADC7C400CB4204 /* MKAnnotationView+WebCache.m in Sources */,
				2CE20A261AADC7C400CB4204 /* UIImage+WebP.m in Sources */,
				2CD275CF1A9BC6B600F7D5CF /* AFHTTPSessionManager.m in Sources */,
				2CD275AF1A9BC30700F7D5CF /* IRMessageCell.m in Sources */,
				2CD275D01A9BC6B600F7D5CF /* AFNetworkReachabilityManager.m in Sources */,
				2C0B24D81AABA84E00BA81EE /* IRMatchServiceHandler.m in Sources */,
				2CE20A1C1AADC7C400CB4204 /* SDImageCache.m in Sources */,
				2CD275B21A9BC36300F7D5CF /* IRMessageContentButton.m in Sources */,
				2CE20A731AAEDC5500CB4204 /* MRPreparingView.m in Sources */,
				2CE20A1E1AADC7C400CB4204 /* SDWebImageDecoder.m in Sources */,
				2CE20A761AAEDE6400CB4204 /* IRMatchServiceDataSource.m in Sources */,
				2CD688B81A9DE6F9008D446A /* IROwnGroup.m in Sources */,
				2CD275E81A9BC6C200F7D5CF /* AFNetworkActivityIndicatorManager.m in Sources */,
				2CE20A1D1AADC7C400CB4204 /* SDWebImageCompat.m in Sources */,
				2CD275CE1A9BC6B600F7D5CF /* AFHTTPRequestOperationManager.m in Sources */,
				2CD275D31A9BC6B600F7D5CF /* AFURLRequestSerialization.m in Sources */,
				2CD2759A1A9BB32200F7D5CF /* MJRefreshBaseView.m in Sources */,
				2CF21F7C1A97CAE000D2FFBA /* JFADoubleSlider.m in Sources */,
				2CD688BF1AA0DDCF008D446A /* IRChatDataSourceManager.m in Sources */,
				2CD275EA1A9BC6C200F7D5CF /* UIAlertView+AFNetworking.m in Sources */,
				2CD2759B1A9BB32200F7D5CF /* MJRefreshConst.m in Sources */,
				2CE20A231AADC7C400CB4204 /* UIButton+WebCache.m in Sources */,
				2CD275EE1A9BC6C200F7D5CF /* UIRefreshControl+AFNetworking.m in Sources */,
				2CE20A6D1AAEDC0C00CB4204 /* CERoundProgressLayer.m in Sources */,
				2CD275ED1A9BC6C200F7D5CF /* UIProgressView+AFNetworking.m in Sources */,
				2CD275A21A9BB38100F7D5CF /* IRInputFunctionView.m in Sources */,
				2CD688B51A9CB83B008D446A /* IRMatchedGroups.m in Sources */,
				2CD688C21AA0E3D9008D446A /* IRGroupConversation.m in Sources */,
				2C971E091AB21C6D005F2F42 /* MRPush.m in Sources */,
				2CD275A51A9BB4B100F7D5CF /* IRProgressHUD.m in Sources */,
				2CE20A6E1AAEDC0C00CB4204 /* CERoundProgressView.m in Sources */,
				2CD275881A9BB1F400F7D5CF /* IRAVAudioPlayer.m in Sources */,
				2C7138F41AA65269001D2582 /* UIView+Animation.m in Sources */,
				2CE20A1F1AADC7C400CB4204 /* SDWebImageDownloader.m in Sources */,
				2CD688BC1A9E05F0008D446A /* IRWebSocketServiceHandler.m in Sources */,
				2CE20A241AADC7C400CB4204 /* UIImage+GIF.m in Sources */,
				2C0B24DB1AABB0C200BA81EE /* IRJsonToGroupParser.m in Sources */,
				2CF21F511A97BF6100D2FFBA /* main.m in Sources */,
				2CD275AC1A9BC1F200F7D5CF /* IRMessage.m in Sources */,
				2CD276121A9BCA3200F7D5CF /* InteractionsChatModel.m in Sources */,
				2CE20A7F1AB073A300CB4204 /* ResultGroupMenu.m in Sources */,
				2CE20A211AADC7C400CB4204 /* SDWebImageManager.m in Sources */,
				2C0B24D21AAB97EE00BA81EE /* ChooseGroupView.m in Sources */,
				2CF21F7F1A980B8300D2FFBA /* ResultViewController.m in Sources */,
				2CE20A221AADC7C400CB4204 /* SDWebImagePrefetcher.m in Sources */,
			);
			runOnlyForDeploymentPostprocessing = 0;
		};
		2CF21F601A97BF6100D2FFBA /* Sources */ = {
			isa = PBXSourcesBuildPhase;
			buildActionMask = 2147483647;
			files = (
				2CF21F6B1A97BF6100D2FFBA /* SpoluTests.m in Sources */,
			);
			runOnlyForDeploymentPostprocessing = 0;
		};
/* End PBXSourcesBuildPhase section */

/* Begin PBXTargetDependency section */
		2CF21F661A97BF6100D2FFBA /* PBXTargetDependency */ = {
			isa = PBXTargetDependency;
			target = 2CF21F4A1A97BF6100D2FFBA /* Spolu */;
			targetProxy = 2CF21F651A97BF6100D2FFBA /* PBXContainerItemProxy */;
		};
/* End PBXTargetDependency section */

/* Begin PBXVariantGroup section */
		2CF21F581A97BF6100D2FFBA /* Main.storyboard */ = {
			isa = PBXVariantGroup;
			children = (
				2CF21F591A97BF6100D2FFBA /* Base */,
			);
			name = Main.storyboard;
			sourceTree = "<group>";
		};
		2CF21F5D1A97BF6100D2FFBA /* LaunchScreen.xib */ = {
			isa = PBXVariantGroup;
			children = (
				2CF21F5E1A97BF6100D2FFBA /* Base */,
			);
			name = LaunchScreen.xib;
			sourceTree = "<group>";
		};
/* End PBXVariantGroup section */

/* Begin XCBuildConfiguration section */
		2CF21F6C1A97BF6100D2FFBA /* Debug */ = {
			isa = XCBuildConfiguration;
			buildSettings = {
				ALWAYS_SEARCH_USER_PATHS = NO;
				CLANG_CXX_LANGUAGE_STANDARD = "gnu++0x";
				CLANG_CXX_LIBRARY = "libc++";
				CLANG_ENABLE_MODULES = YES;
				CLANG_ENABLE_OBJC_ARC = YES;
				CLANG_WARN_BOOL_CONVERSION = YES;
				CLANG_WARN_CONSTANT_CONVERSION = YES;
				CLANG_WARN_DIRECT_OBJC_ISA_USAGE = YES_ERROR;
				CLANG_WARN_EMPTY_BODY = YES;
				CLANG_WARN_ENUM_CONVERSION = YES;
				CLANG_WARN_INT_CONVERSION = YES;
				CLANG_WARN_OBJC_ROOT_CLASS = YES_ERROR;
				CLANG_WARN_UNREACHABLE_CODE = YES;
				CLANG_WARN__DUPLICATE_METHOD_MATCH = YES;
				CODE_SIGN_IDENTITY = "iOS Development: Marcus Ronélius (7R555G4CTM)";
				"CODE_SIGN_IDENTITY[sdk=iphoneos*]" = "iOS Development: Marcus Ronélius (7R555G4CTM)";
				COPY_PHASE_STRIP = NO;
				ENABLE_STRICT_OBJC_MSGSEND = YES;
				GCC_C_LANGUAGE_STANDARD = gnu99;
				GCC_DYNAMIC_NO_PIC = NO;
				GCC_OPTIMIZATION_LEVEL = 0;
				GCC_PREPROCESSOR_DEFINITIONS = (
					"DEBUG=1",
					"$(inherited)",
				);
				GCC_SYMBOLS_PRIVATE_EXTERN = NO;
				GCC_WARN_64_TO_32_BIT_CONVERSION = YES;
				GCC_WARN_ABOUT_RETURN_TYPE = YES_ERROR;
				GCC_WARN_UNDECLARED_SELECTOR = YES;
				GCC_WARN_UNINITIALIZED_AUTOS = YES_AGGRESSIVE;
				GCC_WARN_UNUSED_FUNCTION = YES;
				GCC_WARN_UNUSED_VARIABLE = YES;
				IPHONEOS_DEPLOYMENT_TARGET = 8.2;
				MTL_ENABLE_DEBUG_INFO = YES;
				ONLY_ACTIVE_ARCH = YES;
				PROVISIONING_PROFILE = "cfc74a08-2669-4706-acd2-4078c537559f";
				SDKROOT = iphoneos;
			};
			name = Debug;
		};
		2CF21F6D1A97BF6100D2FFBA /* Release */ = {
			isa = XCBuildConfiguration;
			buildSettings = {
				ALWAYS_SEARCH_USER_PATHS = NO;
				CLANG_CXX_LANGUAGE_STANDARD = "gnu++0x";
				CLANG_CXX_LIBRARY = "libc++";
				CLANG_ENABLE_MODULES = YES;
				CLANG_ENABLE_OBJC_ARC = YES;
				CLANG_WARN_BOOL_CONVERSION = YES;
				CLANG_WARN_CONSTANT_CONVERSION = YES;
				CLANG_WARN_DIRECT_OBJC_ISA_USAGE = YES_ERROR;
				CLANG_WARN_EMPTY_BODY = YES;
				CLANG_WARN_ENUM_CONVERSION = YES;
				CLANG_WARN_INT_CONVERSION = YES;
				CLANG_WARN_OBJC_ROOT_CLASS = YES_ERROR;
				CLANG_WARN_UNREACHABLE_CODE = YES;
				CLANG_WARN__DUPLICATE_METHOD_MATCH = YES;
				CODE_SIGN_IDENTITY = "iOS Development: Marcus Ronélius (7R555G4CTM)";
				"CODE_SIGN_IDENTITY[sdk=iphoneos*]" = "iOS Development: Marcus Ronélius (7R555G4CTM)";
				COPY_PHASE_STRIP = YES;
				ENABLE_NS_ASSERTIONS = NO;
				ENABLE_STRICT_OBJC_MSGSEND = YES;
				GCC_C_LANGUAGE_STANDARD = gnu99;
				GCC_WARN_64_TO_32_BIT_CONVERSION = YES;
				GCC_WARN_ABOUT_RETURN_TYPE = YES_ERROR;
				GCC_WARN_UNDECLARED_SELECTOR = YES;
				GCC_WARN_UNINITIALIZED_AUTOS = YES_AGGRESSIVE;
				GCC_WARN_UNUSED_FUNCTION = YES;
				GCC_WARN_UNUSED_VARIABLE = YES;
				IPHONEOS_DEPLOYMENT_TARGET = 8.2;
				MTL_ENABLE_DEBUG_INFO = NO;
				PROVISIONING_PROFILE = "cfc74a08-2669-4706-acd2-4078c537559f";
				SDKROOT = iphoneos;
				VALIDATE_PRODUCT = YES;
			};
			name = Release;
		};
		2CF21F6F1A97BF6100D2FFBA /* Debug */ = {
			isa = XCBuildConfiguration;
			baseConfigurationReference = 8325EEBE9147F4D813C35749 /* Pods.debug.xcconfig */;
			buildSettings = {
				ASSETCATALOG_COMPILER_APPICON_NAME = AppIcon;
				CODE_SIGN_IDENTITY = "iPhone Developer";
				"CODE_SIGN_IDENTITY[sdk=iphoneos*]" = "iPhone Developer";
				FRAMEWORK_SEARCH_PATHS = (
					"$(inherited)",
					"$(PROJECT_DIR)",
				);
				INFOPLIST_FILE = Spolu/Info.plist;
				LD_RUNPATH_SEARCH_PATHS = "$(inherited) @executable_path/Frameworks";
				LIBRARY_SEARCH_PATHS = (
					"$(inherited)",
					"$(PROJECT_DIR)/Spolu/VoiceLib",
				);
				PRODUCT_NAME = "$(TARGET_NAME)";
				PROVISIONING_PROFILE = "";
			};
			name = Debug;
		};
		2CF21F701A97BF6100D2FFBA /* Release */ = {
			isa = XCBuildConfiguration;
			baseConfigurationReference = B1454EDB01537F723536A33C /* Pods.release.xcconfig */;
			buildSettings = {
				ASSETCATALOG_COMPILER_APPICON_NAME = AppIcon;
				CODE_SIGN_IDENTITY = "iPhone Developer";
				"CODE_SIGN_IDENTITY[sdk=iphoneos*]" = "iPhone Developer";
				FRAMEWORK_SEARCH_PATHS = (
					"$(inherited)",
					"$(PROJECT_DIR)",
				);
				INFOPLIST_FILE = Spolu/Info.plist;
				LD_RUNPATH_SEARCH_PATHS = "$(inherited) @executable_path/Frameworks";
				LIBRARY_SEARCH_PATHS = (
					"$(inherited)",
					"$(PROJECT_DIR)/Spolu/VoiceLib",
				);
				PRODUCT_NAME = "$(TARGET_NAME)";
				PROVISIONING_PROFILE = "";
			};
			name = Release;
		};
		2CF21F721A97BF6100D2FFBA /* Debug */ = {
			isa = XCBuildConfiguration;
			buildSettings = {
				CODE_SIGN_IDENTITY = "iPhone Developer";
				"CODE_SIGN_IDENTITY[sdk=iphoneos*]" = "iPhone Developer";
				FRAMEWORK_SEARCH_PATHS = (
					"$(SDKROOT)/Developer/Library/Frameworks",
					"$(inherited)",
				);
				GCC_PREPROCESSOR_DEFINITIONS = (
					"DEBUG=1",
					"$(inherited)",
				);
				INFOPLIST_FILE = SpoluTests/Info.plist;
				LD_RUNPATH_SEARCH_PATHS = "$(inherited) @executable_path/Frameworks @loader_path/Frameworks";
				PRODUCT_NAME = "$(TARGET_NAME)";
				PROVISIONING_PROFILE = "";
			};
			name = Debug;
		};
		2CF21F731A97BF6100D2FFBA /* Release */ = {
			isa = XCBuildConfiguration;
			buildSettings = {
				CODE_SIGN_IDENTITY = "iPhone Developer";
				"CODE_SIGN_IDENTITY[sdk=iphoneos*]" = "iPhone Developer";
				FRAMEWORK_SEARCH_PATHS = (
					"$(SDKROOT)/Developer/Library/Frameworks",
					"$(inherited)",
				);
				INFOPLIST_FILE = SpoluTests/Info.plist;
				LD_RUNPATH_SEARCH_PATHS = "$(inherited) @executable_path/Frameworks @loader_path/Frameworks";
				PRODUCT_NAME = "$(TARGET_NAME)";
				PROVISIONING_PROFILE = "";
			};
			name = Release;
		};
/* End XCBuildConfiguration section */

/* Begin XCConfigurationList section */
		2CF21F461A97BF6100D2FFBA /* Build configuration list for PBXProject "Spolu" */ = {
			isa = XCConfigurationList;
			buildConfigurations = (
				2CF21F6C1A97BF6100D2FFBA /* Debug */,
				2CF21F6D1A97BF6100D2FFBA /* Release */,
			);
			defaultConfigurationIsVisible = 0;
			defaultConfigurationName = Release;
		};
		2CF21F6E1A97BF6100D2FFBA /* Build configuration list for PBXNativeTarget "Spolu" */ = {
			isa = XCConfigurationList;
			buildConfigurations = (
				2CF21F6F1A97BF6100D2FFBA /* Debug */,
				2CF21F701A97BF6100D2FFBA /* Release */,
			);
			defaultConfigurationIsVisible = 0;
			defaultConfigurationName = Release;
		};
		2CF21F711A97BF6100D2FFBA /* Build configuration list for PBXNativeTarget "SpoluTests" */ = {
			isa = XCConfigurationList;
			buildConfigurations = (
				2CF21F721A97BF6100D2FFBA /* Debug */,
				2CF21F731A97BF6100D2FFBA /* Release */,
			);
			defaultConfigurationIsVisible = 0;
			defaultConfigurationName = Release;
		};
/* End XCConfigurationList section */
	};
	rootObject = 2CF21F431A97BF6100D2FFBA /* Project object */;
}
